{
  "version": 4,
  "terraform_version": "1.2.4",
  "serial": 15,
  "lineage": "226ee5c7-53b8-f3b7-57ec-bd79202455e6",
  "outputs": {
    "awssubnet_info": {
      "value": {
        "awsvpc_subnet_merge_id": [
          "subnet-04af6e079ee14ab79",
          "subnet-0ef947643dfa3e669",
          "subnet-0190f235d5abb829f"
        ],
        "awsvpc_subnet_private_id": {
          "ap-east-1c": "subnet-0190f235d5abb829f"
        },
        "awsvpc_subnet_public_id": {
          "ap-east-1a": "subnet-04af6e079ee14ab79",
          "ap-east-1b": "subnet-0ef947643dfa3e669"
        },
        "vpc_public_rt": {
          "table_private_rt": "rtb-01a4a6e862c921e15",
          "table_public_rt": "rtb-074daa078b2bfd433",
          "vpc": "vpc-0170d9bcec39d051b"
        }
      },
      "type": [
        "object",
        {
          "awsvpc_subnet_merge_id": [
            "tuple",
            [
              "string",
              "string",
              "string"
            ]
          ],
          "awsvpc_subnet_private_id": [
            "object",
            {
              "ap-east-1c": "string"
            }
          ],
          "awsvpc_subnet_public_id": [
            "object",
            {
              "ap-east-1a": "string",
              "ap-east-1b": "string"
            }
          ],
          "vpc_public_rt": [
            "map",
            "string"
          ]
        }
      ]
    },
    "dev_key": {
      "value": {
        "name": "test-key.pem"
      },
      "type": [
        "object",
        {
          "name": "string"
        }
      ]
    }
  },
  "resources": [
    {
      "module": "module.awsvpc",
      "mode": "data",
      "type": "external",
      "name": "t",
      "provider": "provider[\"registry.terraform.io/hashicorp/external\"]",
      "instances": [
        {
          "schema_version": 0,
          "attributes": {
            "id": "-",
            "program": [
              "sh",
              "../modules/awsvpc/tag.sh"
            ],
            "query": {
              "table_publicrt_id": "rtb-074daa078b2bfd433",
              "vpc_id": "vpc-0170d9bcec39d051b"
            },
            "result": {
              "table_private_rt": "rtb-01a4a6e862c921e15",
              "table_public_rt": "rtb-074daa078b2bfd433",
              "vpc": "vpc-0170d9bcec39d051b"
            },
            "working_dir": null
          },
          "sensitive_attributes": []
        }
      ]
    },
    {
      "module": "module.awsvpc",
      "mode": "managed",
      "type": "aws_internet_gateway",
      "name": "name",
      "provider": "provider[\"registry.terraform.io/hashicorp/aws\"]",
      "instances": [
        {
          "schema_version": 0,
          "attributes": {
            "arn": "arn:aws:ec2:ap-east-1:699663064964:internet-gateway/igw-03c64c8834296163a",
            "id": "igw-03c64c8834296163a",
            "owner_id": "699663064964",
            "tags": {
              "Name": "dev-net"
            },
            "tags_all": {
              "Name": "dev-net"
            },
            "vpc_id": "vpc-0170d9bcec39d051b"
          },
          "sensitive_attributes": [],
          "private": "bnVsbA==",
          "dependencies": [
            "module.awsvpc.aws_vpc.name"
          ]
        }
      ]
    },
    {
      "module": "module.awsvpc",
      "mode": "managed",
      "type": "aws_route_table",
      "name": "public_rt",
      "provider": "provider[\"registry.terraform.io/hashicorp/aws\"]",
      "instances": [
        {
          "schema_version": 0,
          "attributes": {
            "arn": "arn:aws:ec2:ap-east-1:699663064964:route-table/rtb-074daa078b2bfd433",
            "id": "rtb-074daa078b2bfd433",
            "owner_id": "699663064964",
            "propagating_vgws": [],
            "route": [
              {
                "carrier_gateway_id": "",
                "cidr_block": "0.0.0.0/0",
                "core_network_arn": "",
                "destination_prefix_list_id": "",
                "egress_only_gateway_id": "",
                "gateway_id": "igw-03c64c8834296163a",
                "instance_id": "",
                "ipv6_cidr_block": "",
                "local_gateway_id": "",
                "nat_gateway_id": "",
                "network_interface_id": "",
                "transit_gateway_id": "",
                "vpc_endpoint_id": "",
                "vpc_peering_connection_id": ""
              }
            ],
            "tags": {
              "Name": "publicRouteTable"
            },
            "tags_all": {
              "Name": "publicRouteTable"
            },
            "timeouts": null,
            "vpc_id": "vpc-0170d9bcec39d051b"
          },
          "sensitive_attributes": [],
          "private": "eyJlMmJmYjczMC1lY2FhLTExZTYtOGY4OC0zNDM2M2JjN2M0YzAiOnsiY3JlYXRlIjozMDAwMDAwMDAwMDAsImRlbGV0ZSI6MzAwMDAwMDAwMDAwLCJ1cGRhdGUiOjEyMDAwMDAwMDAwMH19",
          "dependencies": [
            "module.awsvpc.aws_internet_gateway.name",
            "module.awsvpc.aws_vpc.name"
          ]
        }
      ]
    },
    {
      "module": "module.awsvpc",
      "mode": "managed",
      "type": "aws_route_table_association",
      "name": "a",
      "provider": "provider[\"registry.terraform.io/hashicorp/aws\"]",
      "instances": [
        {
          "index_key": 0,
          "schema_version": 0,
          "attributes": {
            "gateway_id": "",
            "id": "rtbassoc-04639fc89cbb11673",
            "route_table_id": "rtb-074daa078b2bfd433",
            "subnet_id": "subnet-04af6e079ee14ab79"
          },
          "sensitive_attributes": [],
          "private": "bnVsbA==",
          "dependencies": [
            "module.awsvpc.aws_internet_gateway.name",
            "module.awsvpc.aws_route_table.public_rt",
            "module.awsvpc.aws_subnet.public",
            "module.awsvpc.aws_vpc.name"
          ]
        },
        {
          "index_key": 1,
          "schema_version": 0,
          "attributes": {
            "gateway_id": "",
            "id": "rtbassoc-033c9f8167837d108",
            "route_table_id": "rtb-074daa078b2bfd433",
            "subnet_id": "subnet-0ef947643dfa3e669"
          },
          "sensitive_attributes": [],
          "private": "bnVsbA==",
          "dependencies": [
            "module.awsvpc.aws_internet_gateway.name",
            "module.awsvpc.aws_route_table.public_rt",
            "module.awsvpc.aws_subnet.public",
            "module.awsvpc.aws_vpc.name"
          ]
        }
      ]
    },
    {
      "module": "module.awsvpc",
      "mode": "managed",
      "type": "aws_route_table_association",
      "name": "private",
      "provider": "provider[\"registry.terraform.io/hashicorp/aws\"]",
      "instances": [
        {
          "index_key": 0,
          "schema_version": 0,
          "attributes": {
            "gateway_id": "",
            "id": "rtbassoc-092480508f507957f",
            "route_table_id": "rtb-01a4a6e862c921e15",
            "subnet_id": "subnet-0190f235d5abb829f"
          },
          "sensitive_attributes": [],
          "private": "bnVsbA==",
          "dependencies": [
            "module.awsvpc.aws_internet_gateway.name",
            "module.awsvpc.aws_route_table.public_rt",
            "module.awsvpc.aws_subnet.private",
            "module.awsvpc.aws_vpc.name",
            "module.awsvpc.data.external.t"
          ]
        }
      ]
    },
    {
      "module": "module.awsvpc",
      "mode": "managed",
      "type": "aws_subnet",
      "name": "private",
      "provider": "provider[\"registry.terraform.io/hashicorp/aws\"]",
      "instances": [
        {
          "index_key": "ap-east-1c",
          "schema_version": 1,
          "attributes": {
            "arn": "arn:aws:ec2:ap-east-1:699663064964:subnet/subnet-0190f235d5abb829f",
            "assign_ipv6_address_on_creation": false,
            "availability_zone": "ap-east-1c",
            "availability_zone_id": "ape1-az3",
            "cidr_block": "10.0.3.0/24",
            "customer_owned_ipv4_pool": "",
            "enable_dns64": false,
            "enable_resource_name_dns_a_record_on_launch": false,
            "enable_resource_name_dns_aaaa_record_on_launch": false,
            "id": "subnet-0190f235d5abb829f",
            "ipv6_cidr_block": "",
            "ipv6_cidr_block_association_id": "",
            "ipv6_native": false,
            "map_customer_owned_ip_on_launch": false,
            "map_public_ip_on_launch": false,
            "outpost_arn": "",
            "owner_id": "699663064964",
            "private_dns_hostname_type_on_launch": "ip-name",
            "tags": {
              "Name": "private-subnet-ap-east-1c"
            },
            "tags_all": {
              "Name": "private-subnet-ap-east-1c"
            },
            "timeouts": null,
            "vpc_id": "vpc-0170d9bcec39d051b"
          },
          "sensitive_attributes": [],
          "private": "eyJlMmJmYjczMC1lY2FhLTExZTYtOGY4OC0zNDM2M2JjN2M0YzAiOnsiY3JlYXRlIjo2MDAwMDAwMDAwMDAsImRlbGV0ZSI6MTIwMDAwMDAwMDAwMH0sInNjaGVtYV92ZXJzaW9uIjoiMSJ9",
          "dependencies": [
            "module.awsvpc.aws_vpc.name"
          ]
        }
      ]
    },
    {
      "module": "module.awsvpc",
      "mode": "managed",
      "type": "aws_subnet",
      "name": "public",
      "provider": "provider[\"registry.terraform.io/hashicorp/aws\"]",
      "instances": [
        {
          "index_key": "ap-east-1a",
          "schema_version": 1,
          "attributes": {
            "arn": "arn:aws:ec2:ap-east-1:699663064964:subnet/subnet-04af6e079ee14ab79",
            "assign_ipv6_address_on_creation": false,
            "availability_zone": "ap-east-1a",
            "availability_zone_id": "ape1-az1",
            "cidr_block": "10.0.1.0/24",
            "customer_owned_ipv4_pool": "",
            "enable_dns64": false,
            "enable_resource_name_dns_a_record_on_launch": false,
            "enable_resource_name_dns_aaaa_record_on_launch": false,
            "id": "subnet-04af6e079ee14ab79",
            "ipv6_cidr_block": "",
            "ipv6_cidr_block_association_id": "",
            "ipv6_native": false,
            "map_customer_owned_ip_on_launch": false,
            "map_public_ip_on_launch": true,
            "outpost_arn": "",
            "owner_id": "699663064964",
            "private_dns_hostname_type_on_launch": "ip-name",
            "tags": {
              "Name": "public-subnet-ap-east-1a"
            },
            "tags_all": {
              "Name": "public-subnet-ap-east-1a"
            },
            "timeouts": null,
            "vpc_id": "vpc-0170d9bcec39d051b"
          },
          "sensitive_attributes": [],
          "private": "eyJlMmJmYjczMC1lY2FhLTExZTYtOGY4OC0zNDM2M2JjN2M0YzAiOnsiY3JlYXRlIjo2MDAwMDAwMDAwMDAsImRlbGV0ZSI6MTIwMDAwMDAwMDAwMH0sInNjaGVtYV92ZXJzaW9uIjoiMSJ9",
          "dependencies": [
            "module.awsvpc.aws_vpc.name"
          ]
        },
        {
          "index_key": "ap-east-1b",
          "schema_version": 1,
          "attributes": {
            "arn": "arn:aws:ec2:ap-east-1:699663064964:subnet/subnet-0ef947643dfa3e669",
            "assign_ipv6_address_on_creation": false,
            "availability_zone": "ap-east-1b",
            "availability_zone_id": "ape1-az2",
            "cidr_block": "10.0.2.0/24",
            "customer_owned_ipv4_pool": "",
            "enable_dns64": false,
            "enable_resource_name_dns_a_record_on_launch": false,
            "enable_resource_name_dns_aaaa_record_on_launch": false,
            "id": "subnet-0ef947643dfa3e669",
            "ipv6_cidr_block": "",
            "ipv6_cidr_block_association_id": "",
            "ipv6_native": false,
            "map_customer_owned_ip_on_launch": false,
            "map_public_ip_on_launch": true,
            "outpost_arn": "",
            "owner_id": "699663064964",
            "private_dns_hostname_type_on_launch": "ip-name",
            "tags": {
              "Name": "public-subnet-ap-east-1b"
            },
            "tags_all": {
              "Name": "public-subnet-ap-east-1b"
            },
            "timeouts": null,
            "vpc_id": "vpc-0170d9bcec39d051b"
          },
          "sensitive_attributes": [],
          "private": "eyJlMmJmYjczMC1lY2FhLTExZTYtOGY4OC0zNDM2M2JjN2M0YzAiOnsiY3JlYXRlIjo2MDAwMDAwMDAwMDAsImRlbGV0ZSI6MTIwMDAwMDAwMDAwMH0sInNjaGVtYV92ZXJzaW9uIjoiMSJ9",
          "dependencies": [
            "module.awsvpc.aws_vpc.name"
          ]
        }
      ]
    },
    {
      "module": "module.awsvpc",
      "mode": "managed",
      "type": "aws_vpc",
      "name": "name",
      "provider": "provider[\"registry.terraform.io/hashicorp/aws\"]",
      "instances": [
        {
          "schema_version": 1,
          "attributes": {
            "arn": "arn:aws:ec2:ap-east-1:699663064964:vpc/vpc-0170d9bcec39d051b",
            "assign_generated_ipv6_cidr_block": false,
            "cidr_block": "10.0.0.0/16",
            "default_network_acl_id": "acl-0fe1aa30f07bd3d92",
            "default_route_table_id": "rtb-01a4a6e862c921e15",
            "default_security_group_id": "sg-0b725fc5b61256828",
            "dhcp_options_id": "dopt-37a8465e",
            "enable_classiclink": false,
            "enable_classiclink_dns_support": false,
            "enable_dns_hostnames": true,
            "enable_dns_support": true,
            "id": "vpc-0170d9bcec39d051b",
            "instance_tenancy": "default",
            "ipv4_ipam_pool_id": null,
            "ipv4_netmask_length": null,
            "ipv6_association_id": "",
            "ipv6_cidr_block": "",
            "ipv6_cidr_block_network_border_group": "",
            "ipv6_ipam_pool_id": "",
            "ipv6_netmask_length": 0,
            "main_route_table_id": "rtb-01a4a6e862c921e15",
            "owner_id": "699663064964",
            "tags": {
              "Name": "dev-net"
            },
            "tags_all": {
              "Name": "dev-net"
            }
          },
          "sensitive_attributes": [],
          "private": "eyJzY2hlbWFfdmVyc2lvbiI6IjEifQ=="
        }
      ]
    },
    {
      "module": "module.key",
      "mode": "managed",
      "type": "local_file",
      "name": "priavte_key",
      "provider": "provider[\"registry.terraform.io/hashicorp/local\"]",
      "instances": [
        {
          "schema_version": 0,
          "attributes": {
            "content": "-----BEGIN RSA PRIVATE KEY-----\nMIIEpAIBAAKCAQEArSVm+v0roEr3IBFSuIfQbu9/3NdjB5W/Sn+lYEUb8lmpRKKm\nwm/W2xFRCumbBe2YCXykj43bLhjTHPgZkpB6GPD4hHIFKrVudh0NaNgmrIjM9riI\nTTrb+QGnBCl9HuG9ptaC4O/cFyn0gYfFkvBqhn6IikcMLjS8MKGlFLDCLVUqFrtH\n2IdntJNOS3tMjAZQVRneX0CMXQoZidkn83kvZvRmrwik1tGXIbOKaQW2/Hd13ptS\nDv3c52tfqP9RFEEOGslJzivcskw6fdPsbJcMmHGciHtDZhKLNbTst+QKCAhQhoWN\nMUh8he4yo2eNCa2azsoOyk5RrKXZLqjzYcTADQIDAQABAoIBAF4E+FWEEiN5cZXd\nMkD3pswGizTdVG3y96u5gpCzFkjUPSEC/XCJkG7miU5WqZJfgPZt02IMUp9GZaTO\nZ/x5LYPLnfc1fu7BFFlYz0ZGUUHRCxNSAtmFA5vENPACo2mYhQZKZ0lDlgySAK4x\njqyKlh2wKe6EQ+33PtVdgSmqDdbVCfYuhAdR/0n353sauaCUBtdKRKc4EATjZtQ3\nGpYJH7zVTNQgEqIoW/g/Faaqy6SOEKvLBkEl0gufmKVids+6ypFMhCtFNXzjuXJT\n/OgKMr7XljP3Mfo61mljmbHsvDMFtfQs9LC2q5VEPvchQPUdvzsKXgg4UUyic0ea\nUwzHiKECgYEA34JXFvQ/W2rCe3tkVQsL5xjKAFU+KSblyCZ5RTrGelsvkyDANwYr\ntzY5s5INoQmmrpTolwAuIx5sPsCMWO5sNQwXlywqFvudfZAEpHDQGqHaquJjCGJ/\nVaUNjl6PcLGqk6rMihywMTZBR0pnm3RaiqO9DKtaNxlPC6y29E2ZMdkCgYEAxlDa\no9GHBh+nBJ1FujY7R8EOLsFiaBFLA7iiUChEK+DD1+IgH+9fPUvMYTfkmI+U1uYr\nT2OyITRzVv9CY6fCMyg1mNLXgRXpEZyw7B7cGJQSAyslM3jTUk8n1tEos9cpZaEJ\no6jCeb1LGTuw+n5ZoOJVTceFAGQbgZe+r8ot61UCgYBlvId1zFG2g97opB7kUvXl\nCDSSeDqmMq1vMIwMxhcoBK+gEc1MfoORjp4vLbEEd0cmumMwsIVPuP5ehficVlJs\nxwdJ6XFzKq7iQ5bJXwxqwvesxwV7AJKjYlDMWCCElGpnctxNlYdhryeBks2cRhcc\nejGIPcr/v4ZqcwCILXYo6QKBgQCaZv8jhpG66c/unshYB7s1zZBORNBqN/SQrCLr\nh74z72ZrYaojUwpyvd4dXxgC099NRZ04zWU1xxF6DXlR/54KmGbKWnXhEf8JcFar\nMAeqtzYi82eeYJcfQXPCI8yt4HphnvTTUCRCBmg++CN9k/wSb8V8rjfWKxrjVhLn\n6ODBlQKBgQCzhuVgnlHIipE6WaIfcLiLgocHvmSi6vXSUiGEHsfBF+a2LPPDCtmu\ny80Mez5xiAXE7w0TBHpdOd8zyi9VwIiHZmp4mfW7rSH9E81VKEvbiBToCqj+7xOG\niJI7B5vBhblUIOlIWondTrsX4Pf6tiwnrmChSkhc9cXtc8c28lMz2w==\n-----END RSA PRIVATE KEY-----\n",
            "content_base64": null,
            "directory_permission": "0777",
            "file_permission": "0777",
            "filename": "test-key.pem",
            "id": "ed9ae27578e1a8ac588e3acac099c960c26ea4fb",
            "sensitive_content": null,
            "source": null
          },
          "sensitive_attributes": [
            [
              {
                "type": "get_attr",
                "value": "content"
              }
            ]
          ],
          "private": "bnVsbA==",
          "dependencies": [
            "module.key.tls_private_key.key"
          ]
        }
      ]
    },
    {
      "module": "module.key",
      "mode": "managed",
      "type": "tls_private_key",
      "name": "key",
      "provider": "provider[\"registry.terraform.io/hashicorp/tls\"]",
      "instances": [
        {
          "schema_version": 0,
          "attributes": {
            "algorithm": "RSA",
            "ecdsa_curve": "P224",
            "id": "8c2a42dd6f457d44655799cd512ff770082a56f6",
            "private_key_openssh": "-----BEGIN OPENSSH PRIVATE KEY-----\nb3BlbnNzaC1rZXktdjEAAAAABG5vbmUAAAAEbm9uZQAAAAAAAAABAAABFwAAAAdz\nc2gtcnNhAAAAAwEAAQAAAQEArSVm+v0roEr3IBFSuIfQbu9/3NdjB5W/Sn+lYEUb\n8lmpRKKmwm/W2xFRCumbBe2YCXykj43bLhjTHPgZkpB6GPD4hHIFKrVudh0NaNgm\nrIjM9riITTrb+QGnBCl9HuG9ptaC4O/cFyn0gYfFkvBqhn6IikcMLjS8MKGlFLDC\nLVUqFrtH2IdntJNOS3tMjAZQVRneX0CMXQoZidkn83kvZvRmrwik1tGXIbOKaQW2\n/Hd13ptSDv3c52tfqP9RFEEOGslJzivcskw6fdPsbJcMmHGciHtDZhKLNbTst+QK\nCAhQhoWNMUh8he4yo2eNCa2azsoOyk5RrKXZLqjzYcTADQAAA7iEYIl3hGCJdwAA\nAAdzc2gtcnNhAAABAQCtJWb6/SugSvcgEVK4h9Bu73/c12MHlb9Kf6VgRRvyWalE\noqbCb9bbEVEK6ZsF7ZgJfKSPjdsuGNMc+BmSkHoY8PiEcgUqtW52HQ1o2CasiMz2\nuIhNOtv5AacEKX0e4b2m1oLg79wXKfSBh8WS8GqGfoiKRwwuNLwwoaUUsMItVSoW\nu0fYh2e0k05Le0yMBlBVGd5fQIxdChmJ2SfzeS9m9GavCKTW0Zchs4ppBbb8d3Xe\nm1IO/dzna1+o/1EUQQ4ayUnOK9yyTDp90+xslwyYcZyIe0NmEos1tOy35AoICFCG\nhY0xSHyF7jKjZ40JrZrOyg7KTlGspdkuqPNhxMANAAAAAwEAAQAAAQBeBPhVhBIj\neXGV3TJA96bMBos03VRt8veruYKQsxZI1D0hAv1wiZBu5olOVqmSX4D2bdNiDFKf\nRmWkzmf8eS2Dy533NX7uwRRZWM9GRlFB0QsTUgLZhQObxDTwAqNpmIUGSmdJQ5YM\nkgCuMY6sipYdsCnuhEPt9z7VXYEpqg3W1Qn2LoQHUf9J9+d7GrmglAbXSkSnOBAE\n42bUNxqWCR+81UzUIBKiKFv4PxWmqsukjhCrywZBJdILn5ilYnbPusqRTIQrRTV8\n47lyU/zoCjK+15Yz9zH6OtZpY5mx7LwzBbX0LPSwtquVRD73IUD1Hb87Cl4IOFFM\nonNHmlMMx4ihAAAAgQCzhuVgnlHIipE6WaIfcLiLgocHvmSi6vXSUiGEHsfBF+a2\nLPPDCtmuy80Mez5xiAXE7w0TBHpdOd8zyi9VwIiHZmp4mfW7rSH9E81VKEvbiBTo\nCqj+7xOGiJI7B5vBhblUIOlIWondTrsX4Pf6tiwnrmChSkhc9cXtc8c28lMz2wAA\nAIEA34JXFvQ/W2rCe3tkVQsL5xjKAFU+KSblyCZ5RTrGelsvkyDANwYrtzY5s5IN\noQmmrpTolwAuIx5sPsCMWO5sNQwXlywqFvudfZAEpHDQGqHaquJjCGJ/VaUNjl6P\ncLGqk6rMihywMTZBR0pnm3RaiqO9DKtaNxlPC6y29E2ZMdkAAACBAMZQ2qPRhwYf\npwSdRbo2O0fBDi7BYmgRSwO4olAoRCvgw9fiIB/vXz1LzGE35JiPlNbmK09jsiE0\nc1b/QmOnwjMoNZjS14EV6RGcsOwe3BiUEgMrJTN401JPJ9bRKLPXKWWhCaOownm9\nSxk7sPp+WaDiVU3HhQBkG4GXvq/KLetVAAAAAAEC\n-----END OPENSSH PRIVATE KEY-----\n",
            "private_key_pem": "-----BEGIN RSA PRIVATE KEY-----\nMIIEpAIBAAKCAQEArSVm+v0roEr3IBFSuIfQbu9/3NdjB5W/Sn+lYEUb8lmpRKKm\nwm/W2xFRCumbBe2YCXykj43bLhjTHPgZkpB6GPD4hHIFKrVudh0NaNgmrIjM9riI\nTTrb+QGnBCl9HuG9ptaC4O/cFyn0gYfFkvBqhn6IikcMLjS8MKGlFLDCLVUqFrtH\n2IdntJNOS3tMjAZQVRneX0CMXQoZidkn83kvZvRmrwik1tGXIbOKaQW2/Hd13ptS\nDv3c52tfqP9RFEEOGslJzivcskw6fdPsbJcMmHGciHtDZhKLNbTst+QKCAhQhoWN\nMUh8he4yo2eNCa2azsoOyk5RrKXZLqjzYcTADQIDAQABAoIBAF4E+FWEEiN5cZXd\nMkD3pswGizTdVG3y96u5gpCzFkjUPSEC/XCJkG7miU5WqZJfgPZt02IMUp9GZaTO\nZ/x5LYPLnfc1fu7BFFlYz0ZGUUHRCxNSAtmFA5vENPACo2mYhQZKZ0lDlgySAK4x\njqyKlh2wKe6EQ+33PtVdgSmqDdbVCfYuhAdR/0n353sauaCUBtdKRKc4EATjZtQ3\nGpYJH7zVTNQgEqIoW/g/Faaqy6SOEKvLBkEl0gufmKVids+6ypFMhCtFNXzjuXJT\n/OgKMr7XljP3Mfo61mljmbHsvDMFtfQs9LC2q5VEPvchQPUdvzsKXgg4UUyic0ea\nUwzHiKECgYEA34JXFvQ/W2rCe3tkVQsL5xjKAFU+KSblyCZ5RTrGelsvkyDANwYr\ntzY5s5INoQmmrpTolwAuIx5sPsCMWO5sNQwXlywqFvudfZAEpHDQGqHaquJjCGJ/\nVaUNjl6PcLGqk6rMihywMTZBR0pnm3RaiqO9DKtaNxlPC6y29E2ZMdkCgYEAxlDa\no9GHBh+nBJ1FujY7R8EOLsFiaBFLA7iiUChEK+DD1+IgH+9fPUvMYTfkmI+U1uYr\nT2OyITRzVv9CY6fCMyg1mNLXgRXpEZyw7B7cGJQSAyslM3jTUk8n1tEos9cpZaEJ\no6jCeb1LGTuw+n5ZoOJVTceFAGQbgZe+r8ot61UCgYBlvId1zFG2g97opB7kUvXl\nCDSSeDqmMq1vMIwMxhcoBK+gEc1MfoORjp4vLbEEd0cmumMwsIVPuP5ehficVlJs\nxwdJ6XFzKq7iQ5bJXwxqwvesxwV7AJKjYlDMWCCElGpnctxNlYdhryeBks2cRhcc\nejGIPcr/v4ZqcwCILXYo6QKBgQCaZv8jhpG66c/unshYB7s1zZBORNBqN/SQrCLr\nh74z72ZrYaojUwpyvd4dXxgC099NRZ04zWU1xxF6DXlR/54KmGbKWnXhEf8JcFar\nMAeqtzYi82eeYJcfQXPCI8yt4HphnvTTUCRCBmg++CN9k/wSb8V8rjfWKxrjVhLn\n6ODBlQKBgQCzhuVgnlHIipE6WaIfcLiLgocHvmSi6vXSUiGEHsfBF+a2LPPDCtmu\ny80Mez5xiAXE7w0TBHpdOd8zyi9VwIiHZmp4mfW7rSH9E81VKEvbiBToCqj+7xOG\niJI7B5vBhblUIOlIWondTrsX4Pf6tiwnrmChSkhc9cXtc8c28lMz2w==\n-----END RSA PRIVATE KEY-----\n",
            "public_key_fingerprint_md5": "00:e8:b9:1e:5b:b9:48:46:45:5c:91:1d:fe:a0:e0:83",
            "public_key_fingerprint_sha256": "SHA256:iclUz6/p2L73nHIMw3tKgja9f7y2KOi9JCQhQRmuz9w",
            "public_key_openssh": "ssh-rsa AAAAB3NzaC1yc2EAAAADAQABAAABAQCtJWb6/SugSvcgEVK4h9Bu73/c12MHlb9Kf6VgRRvyWalEoqbCb9bbEVEK6ZsF7ZgJfKSPjdsuGNMc+BmSkHoY8PiEcgUqtW52HQ1o2CasiMz2uIhNOtv5AacEKX0e4b2m1oLg79wXKfSBh8WS8GqGfoiKRwwuNLwwoaUUsMItVSoWu0fYh2e0k05Le0yMBlBVGd5fQIxdChmJ2SfzeS9m9GavCKTW0Zchs4ppBbb8d3Xem1IO/dzna1+o/1EUQQ4ayUnOK9yyTDp90+xslwyYcZyIe0NmEos1tOy35AoICFCGhY0xSHyF7jKjZ40JrZrOyg7KTlGspdkuqPNhxMAN\n",
            "public_key_pem": "-----BEGIN PUBLIC KEY-----\nMIIBIjANBgkqhkiG9w0BAQEFAAOCAQ8AMIIBCgKCAQEArSVm+v0roEr3IBFSuIfQ\nbu9/3NdjB5W/Sn+lYEUb8lmpRKKmwm/W2xFRCumbBe2YCXykj43bLhjTHPgZkpB6\nGPD4hHIFKrVudh0NaNgmrIjM9riITTrb+QGnBCl9HuG9ptaC4O/cFyn0gYfFkvBq\nhn6IikcMLjS8MKGlFLDCLVUqFrtH2IdntJNOS3tMjAZQVRneX0CMXQoZidkn83kv\nZvRmrwik1tGXIbOKaQW2/Hd13ptSDv3c52tfqP9RFEEOGslJzivcskw6fdPsbJcM\nmHGciHtDZhKLNbTst+QKCAhQhoWNMUh8he4yo2eNCa2azsoOyk5RrKXZLqjzYcTA\nDQIDAQAB\n-----END PUBLIC KEY-----\n",
            "rsa_bits": 2048
          },
          "sensitive_attributes": [],
          "private": "bnVsbA=="
        }
      ]
    }
  ]
}
