{
  "version": 4,
  "terraform_version": "1.2.4",
  "serial": 55,
  "lineage": "226ee5c7-53b8-f3b7-57ec-bd79202455e6",
  "outputs": {},
  "resources": [
    {
      "module": "module.iam_role",
      "mode": "managed",
      "type": "aws_iam_policy",
      "name": "policy",
      "provider": "provider[\"registry.terraform.io/hashicorp/aws\"]",
      "instances": [
        {
          "schema_version": 0,
          "attributes": {
            "arn": "arn:aws:iam::699663064964:policy/lamda_cloud_watch-policy",
            "description": "",
            "id": "arn:aws:iam::699663064964:policy/lamda_cloud_watch-policy",
            "name": "lamda_cloud_watch-policy",
            "name_prefix": null,
            "path": "/",
            "policy": "{\"Statement\":[{\"Action\":[\"cloudwatch:Describe*\",\"cloudwatch:ListMetrics\",\"cloudwatch:GetMetricStatistics\",\"cloudwatch:*\"],\"Effect\":\"Allow\",\"Resource\":\"*\"}],\"Version\":\"2012-10-17\"}",
            "policy_id": "ANPA2FZZLD6CB6MSLXJFJ",
            "tags": null,
            "tags_all": {}
          },
          "sensitive_attributes": [],
          "private": "bnVsbA=="
        }
      ]
    },
    {
      "module": "module.iam_role",
      "mode": "managed",
      "type": "aws_iam_role",
      "name": "role",
      "provider": "provider[\"registry.terraform.io/hashicorp/aws\"]",
      "instances": [
        {
          "schema_version": 0,
          "attributes": {
            "arn": "arn:aws:iam::699663064964:role/lamda_cloud_watch",
            "assume_role_policy": "{\"Version\":\"2012-10-17\",\"Statement\":[{\"Sid\":\"\",\"Effect\":\"Allow\",\"Principal\":{\"Service\":\"lambda.amazonaws.com\"},\"Action\":\"sts:AssumeRole\"}]}",
            "create_date": "2022-07-04T14:08:37Z",
            "description": "",
            "force_detach_policies": false,
            "id": "lamda_cloud_watch",
            "inline_policy": [
              {
                "name": "",
                "policy": ""
              }
            ],
            "managed_policy_arns": [],
            "max_session_duration": 3600,
            "name": "lamda_cloud_watch",
            "name_prefix": "",
            "path": "/",
            "permissions_boundary": null,
            "tags": null,
            "tags_all": {},
            "unique_id": "AROA2FZZLD6CJCCGXVJ2D"
          },
          "sensitive_attributes": [],
          "private": "bnVsbA=="
        }
      ]
    },
    {
      "module": "module.iam_role",
      "mode": "managed",
      "type": "aws_iam_role_policy_attachment",
      "name": "test-attach",
      "provider": "provider[\"registry.terraform.io/hashicorp/aws\"]",
      "instances": [
        {
          "schema_version": 0,
          "attributes": {
            "id": "lamda_cloud_watch-20220704140839034700000001",
            "policy_arn": "arn:aws:iam::699663064964:policy/lamda_cloud_watch-policy",
            "role": "lamda_cloud_watch"
          },
          "sensitive_attributes": [],
          "private": "bnVsbA==",
          "dependencies": [
            "module.iam_role.aws_iam_policy.policy",
            "module.iam_role.aws_iam_role.role"
          ]
        }
      ]
    }
  ]
}
