{
  "version": 4,
  "terraform_version": "1.2.3",
  "serial": 944,
  "lineage": "c9def583-a424-536a-57ec-34166c0ae5e6",
  "outputs": {
    "awssubnet_info": {
      "value": {
        "awsvpc_subnetid": [
          {
            "ap-east-1a": "subnet-0dee8b024ed50751f",
            "ap-east-1b": "subnet-0e5b55b1bd199ac57"
          },
          {
            "ap-east-1c": "subnet-01ca08576303e6bc3"
          }
        ],
        "vpc_public_rt": {
          "table_private_rt": "rtb-0a9e32d305698944c",
          "table_public_rt": "rtb-07dafafec6ff528e5",
          "vpc": "vpc-089562798c1ce44df"
        }
      },
      "type": [
        "object",
        {
          "awsvpc_subnetid": [
            "list",
            [
              "map",
              "string"
            ]
          ],
          "vpc_public_rt": [
            "map",
            "string"
          ]
        }
      ]
    },
    "dev_key": {
      "value": {
        "name": "test-key.pem"
      },
      "type": [
        "object",
        {
          "name": "string"
        }
      ]
    }
  },
  "resources": [
    {
      "module": "module.awsvpc",
      "mode": "data",
      "type": "external",
      "name": "t",
      "provider": "provider[\"registry.terraform.io/hashicorp/external\"]",
      "instances": [
        {
          "schema_version": 0,
          "attributes": {
            "id": "-",
            "program": [
              "sh",
              "../modules/awsvpc/tag.sh"
            ],
            "query": {
              "table_publicrt_id": "rtb-07dafafec6ff528e5",
              "vpc_id": "vpc-089562798c1ce44df"
            },
            "result": {
              "table_private_rt": "rtb-0a9e32d305698944c",
              "table_public_rt": "rtb-07dafafec6ff528e5",
              "vpc": "vpc-089562798c1ce44df"
            },
            "working_dir": null
          },
          "sensitive_attributes": []
        }
      ]
    },
    {
      "module": "module.awsvpc",
      "mode": "managed",
      "type": "aws_internet_gateway",
      "name": "name",
      "provider": "provider[\"registry.terraform.io/hashicorp/aws\"]",
      "instances": [
        {
          "schema_version": 0,
          "attributes": {
            "arn": "arn:aws:ec2:ap-east-1:699663064964:internet-gateway/igw-047a3ecbe735c0b74",
            "id": "igw-047a3ecbe735c0b74",
            "owner_id": "699663064964",
            "tags": {
              "Name": "dev-net"
            },
            "tags_all": {
              "Name": "dev-net"
            },
            "vpc_id": "vpc-089562798c1ce44df"
          },
          "sensitive_attributes": [],
          "private": "bnVsbA==",
          "dependencies": [
            "module.awsvpc.aws_vpc.name"
          ]
        }
      ]
    },
    {
      "module": "module.awsvpc",
      "mode": "managed",
      "type": "aws_route_table",
      "name": "public_rt",
      "provider": "provider[\"registry.terraform.io/hashicorp/aws\"]",
      "instances": [
        {
          "schema_version": 0,
          "attributes": {
            "arn": "arn:aws:ec2:ap-east-1:699663064964:route-table/rtb-07dafafec6ff528e5",
            "id": "rtb-07dafafec6ff528e5",
            "owner_id": "699663064964",
            "propagating_vgws": [],
            "route": [
              {
                "carrier_gateway_id": "",
                "cidr_block": "0.0.0.0/0",
                "core_network_arn": "",
                "destination_prefix_list_id": "",
                "egress_only_gateway_id": "",
                "gateway_id": "igw-047a3ecbe735c0b74",
                "instance_id": "",
                "ipv6_cidr_block": "",
                "local_gateway_id": "",
                "nat_gateway_id": "",
                "network_interface_id": "",
                "transit_gateway_id": "",
                "vpc_endpoint_id": "",
                "vpc_peering_connection_id": ""
              }
            ],
            "tags": {
              "Name": "publicRouteTable"
            },
            "tags_all": {
              "Name": "publicRouteTable"
            },
            "timeouts": null,
            "vpc_id": "vpc-089562798c1ce44df"
          },
          "sensitive_attributes": [],
          "private": "eyJlMmJmYjczMC1lY2FhLTExZTYtOGY4OC0zNDM2M2JjN2M0YzAiOnsiY3JlYXRlIjozMDAwMDAwMDAwMDAsImRlbGV0ZSI6MzAwMDAwMDAwMDAwLCJ1cGRhdGUiOjEyMDAwMDAwMDAwMH19",
          "dependencies": [
            "module.awsvpc.aws_internet_gateway.name",
            "module.awsvpc.aws_vpc.name"
          ]
        }
      ]
    },
    {
      "module": "module.awsvpc",
      "mode": "managed",
      "type": "aws_route_table_association",
      "name": "a",
      "provider": "provider[\"registry.terraform.io/hashicorp/aws\"]",
      "instances": [
        {
          "index_key": 0,
          "schema_version": 0,
          "attributes": {
            "gateway_id": "",
            "id": "rtbassoc-09e9f8aa902efd54a",
            "route_table_id": "rtb-07dafafec6ff528e5",
            "subnet_id": "subnet-0dee8b024ed50751f"
          },
          "sensitive_attributes": [],
          "private": "bnVsbA==",
          "dependencies": [
            "module.awsvpc.aws_internet_gateway.name",
            "module.awsvpc.aws_route_table.public_rt",
            "module.awsvpc.aws_subnet.public",
            "module.awsvpc.aws_vpc.name"
          ]
        },
        {
          "index_key": 1,
          "schema_version": 0,
          "attributes": {
            "gateway_id": "",
            "id": "rtbassoc-0475321c700346628",
            "route_table_id": "rtb-07dafafec6ff528e5",
            "subnet_id": "subnet-0e5b55b1bd199ac57"
          },
          "sensitive_attributes": [],
          "private": "bnVsbA==",
          "dependencies": [
            "module.awsvpc.aws_internet_gateway.name",
            "module.awsvpc.aws_route_table.public_rt",
            "module.awsvpc.aws_subnet.public",
            "module.awsvpc.aws_vpc.name"
          ]
        }
      ]
    },
    {
      "module": "module.awsvpc",
      "mode": "managed",
      "type": "aws_route_table_association",
      "name": "private",
      "provider": "provider[\"registry.terraform.io/hashicorp/aws\"]",
      "instances": [
        {
          "index_key": 0,
          "schema_version": 0,
          "attributes": {
            "gateway_id": "",
            "id": "rtbassoc-01961ec86024dea90",
            "route_table_id": "rtb-0a9e32d305698944c",
            "subnet_id": "subnet-01ca08576303e6bc3"
          },
          "sensitive_attributes": [],
          "private": "bnVsbA==",
          "dependencies": [
            "module.awsvpc.aws_internet_gateway.name",
            "module.awsvpc.aws_route_table.public_rt",
            "module.awsvpc.aws_subnet.private",
            "module.awsvpc.aws_vpc.name",
            "module.awsvpc.data.external.t"
          ]
        }
      ]
    },
    {
      "module": "module.awsvpc",
      "mode": "managed",
      "type": "aws_subnet",
      "name": "private",
      "provider": "provider[\"registry.terraform.io/hashicorp/aws\"]",
      "instances": [
        {
          "index_key": "ap-east-1c",
          "schema_version": 1,
          "attributes": {
            "arn": "arn:aws:ec2:ap-east-1:699663064964:subnet/subnet-01ca08576303e6bc3",
            "assign_ipv6_address_on_creation": false,
            "availability_zone": "ap-east-1c",
            "availability_zone_id": "ape1-az3",
            "cidr_block": "10.0.3.0/24",
            "customer_owned_ipv4_pool": "",
            "enable_dns64": false,
            "enable_resource_name_dns_a_record_on_launch": false,
            "enable_resource_name_dns_aaaa_record_on_launch": false,
            "id": "subnet-01ca08576303e6bc3",
            "ipv6_cidr_block": "",
            "ipv6_cidr_block_association_id": "",
            "ipv6_native": false,
            "map_customer_owned_ip_on_launch": false,
            "map_public_ip_on_launch": false,
            "outpost_arn": "",
            "owner_id": "699663064964",
            "private_dns_hostname_type_on_launch": "ip-name",
            "tags": {
              "Name": "private-subnet-ap-east-1c"
            },
            "tags_all": {
              "Name": "private-subnet-ap-east-1c"
            },
            "timeouts": null,
            "vpc_id": "vpc-089562798c1ce44df"
          },
          "sensitive_attributes": [],
          "private": "eyJlMmJmYjczMC1lY2FhLTExZTYtOGY4OC0zNDM2M2JjN2M0YzAiOnsiY3JlYXRlIjo2MDAwMDAwMDAwMDAsImRlbGV0ZSI6MTIwMDAwMDAwMDAwMH0sInNjaGVtYV92ZXJzaW9uIjoiMSJ9",
          "dependencies": [
            "module.awsvpc.aws_vpc.name"
          ]
        }
      ]
    },
    {
      "module": "module.awsvpc",
      "mode": "managed",
      "type": "aws_subnet",
      "name": "public",
      "provider": "provider[\"registry.terraform.io/hashicorp/aws\"]",
      "instances": [
        {
          "index_key": "ap-east-1a",
          "schema_version": 1,
          "attributes": {
            "arn": "arn:aws:ec2:ap-east-1:699663064964:subnet/subnet-0dee8b024ed50751f",
            "assign_ipv6_address_on_creation": false,
            "availability_zone": "ap-east-1a",
            "availability_zone_id": "ape1-az1",
            "cidr_block": "10.0.1.0/24",
            "customer_owned_ipv4_pool": "",
            "enable_dns64": false,
            "enable_resource_name_dns_a_record_on_launch": false,
            "enable_resource_name_dns_aaaa_record_on_launch": false,
            "id": "subnet-0dee8b024ed50751f",
            "ipv6_cidr_block": "",
            "ipv6_cidr_block_association_id": "",
            "ipv6_native": false,
            "map_customer_owned_ip_on_launch": false,
            "map_public_ip_on_launch": true,
            "outpost_arn": "",
            "owner_id": "699663064964",
            "private_dns_hostname_type_on_launch": "ip-name",
            "tags": {
              "Name": "public-subnet-ap-east-1a"
            },
            "tags_all": {
              "Name": "public-subnet-ap-east-1a"
            },
            "timeouts": null,
            "vpc_id": "vpc-089562798c1ce44df"
          },
          "sensitive_attributes": [],
          "private": "eyJlMmJmYjczMC1lY2FhLTExZTYtOGY4OC0zNDM2M2JjN2M0YzAiOnsiY3JlYXRlIjo2MDAwMDAwMDAwMDAsImRlbGV0ZSI6MTIwMDAwMDAwMDAwMH0sInNjaGVtYV92ZXJzaW9uIjoiMSJ9",
          "dependencies": [
            "module.awsvpc.aws_vpc.name"
          ]
        },
        {
          "index_key": "ap-east-1b",
          "schema_version": 1,
          "attributes": {
            "arn": "arn:aws:ec2:ap-east-1:699663064964:subnet/subnet-0e5b55b1bd199ac57",
            "assign_ipv6_address_on_creation": false,
            "availability_zone": "ap-east-1b",
            "availability_zone_id": "ape1-az2",
            "cidr_block": "10.0.2.0/24",
            "customer_owned_ipv4_pool": "",
            "enable_dns64": false,
            "enable_resource_name_dns_a_record_on_launch": false,
            "enable_resource_name_dns_aaaa_record_on_launch": false,
            "id": "subnet-0e5b55b1bd199ac57",
            "ipv6_cidr_block": "",
            "ipv6_cidr_block_association_id": "",
            "ipv6_native": false,
            "map_customer_owned_ip_on_launch": false,
            "map_public_ip_on_launch": true,
            "outpost_arn": "",
            "owner_id": "699663064964",
            "private_dns_hostname_type_on_launch": "ip-name",
            "tags": {
              "Name": "public-subnet-ap-east-1b"
            },
            "tags_all": {
              "Name": "public-subnet-ap-east-1b"
            },
            "timeouts": null,
            "vpc_id": "vpc-089562798c1ce44df"
          },
          "sensitive_attributes": [],
          "private": "eyJlMmJmYjczMC1lY2FhLTExZTYtOGY4OC0zNDM2M2JjN2M0YzAiOnsiY3JlYXRlIjo2MDAwMDAwMDAwMDAsImRlbGV0ZSI6MTIwMDAwMDAwMDAwMH0sInNjaGVtYV92ZXJzaW9uIjoiMSJ9",
          "dependencies": [
            "module.awsvpc.aws_vpc.name"
          ]
        }
      ]
    },
    {
      "module": "module.awsvpc",
      "mode": "managed",
      "type": "aws_vpc",
      "name": "name",
      "provider": "provider[\"registry.terraform.io/hashicorp/aws\"]",
      "instances": [
        {
          "schema_version": 1,
          "attributes": {
            "arn": "arn:aws:ec2:ap-east-1:699663064964:vpc/vpc-089562798c1ce44df",
            "assign_generated_ipv6_cidr_block": false,
            "cidr_block": "10.0.0.0/16",
            "default_network_acl_id": "acl-07920da6bc9e58765",
            "default_route_table_id": "rtb-0a9e32d305698944c",
            "default_security_group_id": "sg-0efa2e33ca0217fa0",
            "dhcp_options_id": "dopt-37a8465e",
            "enable_classiclink": false,
            "enable_classiclink_dns_support": false,
            "enable_dns_hostnames": true,
            "enable_dns_support": true,
            "id": "vpc-089562798c1ce44df",
            "instance_tenancy": "default",
            "ipv4_ipam_pool_id": null,
            "ipv4_netmask_length": null,
            "ipv6_association_id": "",
            "ipv6_cidr_block": "",
            "ipv6_cidr_block_network_border_group": "",
            "ipv6_ipam_pool_id": "",
            "ipv6_netmask_length": 0,
            "main_route_table_id": "rtb-0a9e32d305698944c",
            "owner_id": "699663064964",
            "tags": {
              "Name": "dev-net"
            },
            "tags_all": {
              "Name": "dev-net"
            }
          },
          "sensitive_attributes": [],
          "private": "eyJzY2hlbWFfdmVyc2lvbiI6IjEifQ=="
        }
      ]
    },
    {
      "module": "module.key",
      "mode": "managed",
      "type": "aws_key_pair",
      "name": "public_key",
      "provider": "provider[\"registry.terraform.io/hashicorp/aws\"]",
      "instances": [
        {
          "schema_version": 1,
          "attributes": {
            "arn": "arn:aws:ec2:ap-east-1:699663064964:key-pair/test-key.pem",
            "fingerprint": "8f:5c:69:8c:43:03:6d:52:79:0c:ff:c8:cc:16:53:9f",
            "id": "test-key.pem",
            "key_name": "test-key.pem",
            "key_name_prefix": "",
            "key_pair_id": "key-0d4f1490595efe2e1",
            "public_key": "ssh-rsa AAAAB3NzaC1yc2EAAAADAQABAAABAQCzt8YNR1qMBWAjJdarGS9ijMxCD7xeWOqAO8YUO5iy/nkVpvikzKfzZpsZTll36gKzTSeGVR64oXWG4K79XuAI/h6rdv3BlsNMqv96ZMQV9Z1V8RgHRRLrXh5eebLMpENG2n3owFXCDSlXPbY4bhiUYXa8woQaeM0A64wEd+8NT/Dtfot1jWZhaKbQAyod5UYHEpDL9/D+bBFqAyx6fEelUoLQ+iuhDf1MJvJB+YhGL2ezA7cYX62a23rWBtDBSiKbenLb4/NZqLO+AAEkrmno4QrvJUq7uSlDp/kNpNijZV/IqBf7vueFR1O/sAMYtunQwsDXaiZEoxhPeYuTdcIJ",
            "tags": null,
            "tags_all": {}
          },
          "sensitive_attributes": [],
          "private": "eyJzY2hlbWFfdmVyc2lvbiI6IjEifQ==",
          "dependencies": [
            "module.key.tls_private_key.key"
          ]
        }
      ]
    },
    {
      "module": "module.key",
      "mode": "managed",
      "type": "local_file",
      "name": "priavte_key",
      "provider": "provider[\"registry.terraform.io/hashicorp/local\"]",
      "instances": [
        {
          "schema_version": 0,
          "attributes": {
            "content": "-----BEGIN RSA PRIVATE KEY-----\nMIIEpAIBAAKCAQEAs7fGDUdajAVgIyXWqxkvYozMQg+8XljqgDvGFDuYsv55Fab4\npMyn82abGU5Zd+oCs00nhlUeuKF1huCu/V7gCP4eq3b9wZbDTKr/emTEFfWdVfEY\nB0US614eXnmyzKRDRtp96MBVwg0pVz22OG4YlGF2vMKEGnjNAOuMBHfvDU/w7X6L\ndY1mYWim0AMqHeVGBxKQy/fw/mwRagMsenxHpVKC0PoroQ39TCbyQfmIRi9nswO3\nGF+tmtt61gbQwUoim3py2+PzWaizvgABJK5p6OEK7yVKu7kpQ6f5DaTYo2VfyKgX\n+77nhUdTv7ADGLbp0MLA12omRKMYT3mLk3XCCQIDAQABAoIBAAjZZLQkrk20ug4g\n/9f+7nlgy3H5SmIu6KUVzGQUpykxJI8vYJDkzuRKShrN49PmvulLREX2DQQ0VxAk\nIhmxwUBQGvyAaHBO1yEAToIdUhZuuKeRrog1G4Bhawdl4Kr476MegRKj3dUnRsDX\n9hADQ8ySnAEhZtXS2u1Pq95QdYHnN6lRKM3k5jmW1Pz5gx04CY3PoQYoMmBOgTQ5\nytffGHdRNhJgDjlZH4uREl5QtlPzxrppjb08IsOW/f0ozu9fGmYI8j0FLQzV3iIB\nm5OIzzpTrPz7lYZS9dBooCgxK2ME3Kig7M8OzrX6L5h71xVCQRUk4ybBGX4uzMxC\n7OQsf50CgYEA3DZkfut8nZfVVmSvg1DN3Rlk2ZZGYnzVcDya6tJgI5qW2Ay4ofhx\nGPYNyCY4ibkSn0uhj4ydeJX1lINgGBp8o/cXuxHY3Wy38ceA3WoTYhlpzdlbpHL+\ns2ahlwhv6sycUnktIOcrDsKApgiaR/Bvy4VpFnBTEYtlegLsJ8yxZccCgYEA0Oyq\nBkSYbicuXBif4ZtCgSLlGf5NoxecspJ5i4pJVR1mwJ2IVRwXOm9GyOXNekEa+8uO\nQBNsh7QUV2+zzajxDZXC7KBIUsVwuHQEr6grlv3Nci81GjGGfOUAoE8yQ+XWpKJp\n9CWBYYtAuRXuBVLaAvkWNg2V1Otau/a9Diu5Wa8CgYAWXyhChKX6VKyFxGDYVGM1\nrRjDyjKIWupMJrwOUyUVOOVOOaygN981i/nGdauUwkqUCFj3fm+ZCpMSbW5bxIUZ\nG0c76ApCJINjesMqu1YQx0gqc4SN5mjdzPVppJ/KGNNgxZLCHvoO28+6DnGuEU0q\nPfl5IBwwUhsTFCzttivnjQKBgQCj9MZtitFwyJDKN4zo+PYU77SJVJfK4NHZFbgK\n+OgZwqwLhtUhrZzQ/9i1+hnp0kQBzDoDMPsf+ANqpr+dKvKZLak+F38KbeXK60lu\nLHSg1uausDtlJe6b/v8hz2TsAegTZV3u+qvxR93wIjSbuuxaHu3+V2T5JgYbskOl\nZkzcAwKBgQDQdNTHAVTOlGl6o2sSYDUjwwJxg6w2Xw53Rpvo0s8dGHztK6Sg93v4\nAwPo0lrzVwm9l8p8ajFMSBPzsDu6doTwBqfQSbmHk0J7T0bgfl0dzIUQOa5vQESU\nzLyj8WGu1w5v0cWO6JS3Ck/ZQjXO+1t1zaMAc4N90k5pJFFz1lPI4Q==\n-----END RSA PRIVATE KEY-----\n",
            "content_base64": null,
            "directory_permission": "0777",
            "file_permission": "0777",
            "filename": "test-key.pem",
            "id": "f910ba27cadcd0d368fa50ba97fe2b6713b02f81",
            "sensitive_content": null,
            "source": null
          },
          "sensitive_attributes": [
            [
              {
                "type": "get_attr",
                "value": "content"
              }
            ]
          ],
          "private": "bnVsbA==",
          "dependencies": [
            "module.key.tls_private_key.key"
          ]
        }
      ]
    },
    {
      "module": "module.key",
      "mode": "managed",
      "type": "tls_private_key",
      "name": "key",
      "provider": "provider[\"registry.terraform.io/hashicorp/tls\"]",
      "instances": [
        {
          "schema_version": 0,
          "attributes": {
            "algorithm": "RSA",
            "ecdsa_curve": "P224",
            "id": "725a93276a50ce1ff9b252c453bdb76aeb146742",
            "private_key_openssh": "-----BEGIN OPENSSH PRIVATE KEY-----\nb3BlbnNzaC1rZXktdjEAAAAABG5vbmUAAAAEbm9uZQAAAAAAAAABAAABFwAAAAdz\nc2gtcnNhAAAAAwEAAQAAAQEAs7fGDUdajAVgIyXWqxkvYozMQg+8XljqgDvGFDuY\nsv55Fab4pMyn82abGU5Zd+oCs00nhlUeuKF1huCu/V7gCP4eq3b9wZbDTKr/emTE\nFfWdVfEYB0US614eXnmyzKRDRtp96MBVwg0pVz22OG4YlGF2vMKEGnjNAOuMBHfv\nDU/w7X6LdY1mYWim0AMqHeVGBxKQy/fw/mwRagMsenxHpVKC0PoroQ39TCbyQfmI\nRi9nswO3GF+tmtt61gbQwUoim3py2+PzWaizvgABJK5p6OEK7yVKu7kpQ6f5DaTY\no2VfyKgX+77nhUdTv7ADGLbp0MLA12omRKMYT3mLk3XCCQAAA7iyFG0MshRtDAAA\nAAdzc2gtcnNhAAABAQCzt8YNR1qMBWAjJdarGS9ijMxCD7xeWOqAO8YUO5iy/nkV\npvikzKfzZpsZTll36gKzTSeGVR64oXWG4K79XuAI/h6rdv3BlsNMqv96ZMQV9Z1V\n8RgHRRLrXh5eebLMpENG2n3owFXCDSlXPbY4bhiUYXa8woQaeM0A64wEd+8NT/Dt\nfot1jWZhaKbQAyod5UYHEpDL9/D+bBFqAyx6fEelUoLQ+iuhDf1MJvJB+YhGL2ez\nA7cYX62a23rWBtDBSiKbenLb4/NZqLO+AAEkrmno4QrvJUq7uSlDp/kNpNijZV/I\nqBf7vueFR1O/sAMYtunQwsDXaiZEoxhPeYuTdcIJAAAAAwEAAQAAAQAI2WS0JK5N\ntLoOIP/X/u55YMtx+UpiLuilFcxkFKcpMSSPL2CQ5M7kSkoazePT5r7pS0RF9g0E\nNFcQJCIZscFAUBr8gGhwTtchAE6CHVIWbrinka6INRuAYWsHZeCq+O+jHoESo93V\nJ0bA1/YQA0PMkpwBIWbV0trtT6veUHWB5zepUSjN5OY5ltT8+YMdOAmNz6EGKDJg\nToE0OcrX3xh3UTYSYA45WR+LkRJeULZT88a6aY29PCLDlv39KM7vXxpmCPI9BS0M\n1d4iAZuTiM86U6z8+5WGUvXQaKAoMStjBNyooOzPDs61+i+Ye9cVQkEVJOMmwRl+\nLszMQuzkLH+dAAAAgQDQdNTHAVTOlGl6o2sSYDUjwwJxg6w2Xw53Rpvo0s8dGHzt\nK6Sg93v4AwPo0lrzVwm9l8p8ajFMSBPzsDu6doTwBqfQSbmHk0J7T0bgfl0dzIUQ\nOa5vQESUzLyj8WGu1w5v0cWO6JS3Ck/ZQjXO+1t1zaMAc4N90k5pJFFz1lPI4QAA\nAIEA3DZkfut8nZfVVmSvg1DN3Rlk2ZZGYnzVcDya6tJgI5qW2Ay4ofhxGPYNyCY4\nibkSn0uhj4ydeJX1lINgGBp8o/cXuxHY3Wy38ceA3WoTYhlpzdlbpHL+s2ahlwhv\n6sycUnktIOcrDsKApgiaR/Bvy4VpFnBTEYtlegLsJ8yxZccAAACBANDsqgZEmG4n\nLlwYn+GbQoEi5Rn+TaMXnLKSeYuKSVUdZsCdiFUcFzpvRsjlzXpBGvvLjkATbIe0\nFFdvs82o8Q2VwuygSFLFcLh0BK+oK5b9zXIvNRoxhnzlAKBPMkPl1qSiafQlgWGL\nQLkV7gVS2gL5FjYNldTrWrv2vQ4ruVmvAAAAAAEC\n-----END OPENSSH PRIVATE KEY-----\n",
            "private_key_pem": "-----BEGIN RSA PRIVATE KEY-----\nMIIEpAIBAAKCAQEAs7fGDUdajAVgIyXWqxkvYozMQg+8XljqgDvGFDuYsv55Fab4\npMyn82abGU5Zd+oCs00nhlUeuKF1huCu/V7gCP4eq3b9wZbDTKr/emTEFfWdVfEY\nB0US614eXnmyzKRDRtp96MBVwg0pVz22OG4YlGF2vMKEGnjNAOuMBHfvDU/w7X6L\ndY1mYWim0AMqHeVGBxKQy/fw/mwRagMsenxHpVKC0PoroQ39TCbyQfmIRi9nswO3\nGF+tmtt61gbQwUoim3py2+PzWaizvgABJK5p6OEK7yVKu7kpQ6f5DaTYo2VfyKgX\n+77nhUdTv7ADGLbp0MLA12omRKMYT3mLk3XCCQIDAQABAoIBAAjZZLQkrk20ug4g\n/9f+7nlgy3H5SmIu6KUVzGQUpykxJI8vYJDkzuRKShrN49PmvulLREX2DQQ0VxAk\nIhmxwUBQGvyAaHBO1yEAToIdUhZuuKeRrog1G4Bhawdl4Kr476MegRKj3dUnRsDX\n9hADQ8ySnAEhZtXS2u1Pq95QdYHnN6lRKM3k5jmW1Pz5gx04CY3PoQYoMmBOgTQ5\nytffGHdRNhJgDjlZH4uREl5QtlPzxrppjb08IsOW/f0ozu9fGmYI8j0FLQzV3iIB\nm5OIzzpTrPz7lYZS9dBooCgxK2ME3Kig7M8OzrX6L5h71xVCQRUk4ybBGX4uzMxC\n7OQsf50CgYEA3DZkfut8nZfVVmSvg1DN3Rlk2ZZGYnzVcDya6tJgI5qW2Ay4ofhx\nGPYNyCY4ibkSn0uhj4ydeJX1lINgGBp8o/cXuxHY3Wy38ceA3WoTYhlpzdlbpHL+\ns2ahlwhv6sycUnktIOcrDsKApgiaR/Bvy4VpFnBTEYtlegLsJ8yxZccCgYEA0Oyq\nBkSYbicuXBif4ZtCgSLlGf5NoxecspJ5i4pJVR1mwJ2IVRwXOm9GyOXNekEa+8uO\nQBNsh7QUV2+zzajxDZXC7KBIUsVwuHQEr6grlv3Nci81GjGGfOUAoE8yQ+XWpKJp\n9CWBYYtAuRXuBVLaAvkWNg2V1Otau/a9Diu5Wa8CgYAWXyhChKX6VKyFxGDYVGM1\nrRjDyjKIWupMJrwOUyUVOOVOOaygN981i/nGdauUwkqUCFj3fm+ZCpMSbW5bxIUZ\nG0c76ApCJINjesMqu1YQx0gqc4SN5mjdzPVppJ/KGNNgxZLCHvoO28+6DnGuEU0q\nPfl5IBwwUhsTFCzttivnjQKBgQCj9MZtitFwyJDKN4zo+PYU77SJVJfK4NHZFbgK\n+OgZwqwLhtUhrZzQ/9i1+hnp0kQBzDoDMPsf+ANqpr+dKvKZLak+F38KbeXK60lu\nLHSg1uausDtlJe6b/v8hz2TsAegTZV3u+qvxR93wIjSbuuxaHu3+V2T5JgYbskOl\nZkzcAwKBgQDQdNTHAVTOlGl6o2sSYDUjwwJxg6w2Xw53Rpvo0s8dGHztK6Sg93v4\nAwPo0lrzVwm9l8p8ajFMSBPzsDu6doTwBqfQSbmHk0J7T0bgfl0dzIUQOa5vQESU\nzLyj8WGu1w5v0cWO6JS3Ck/ZQjXO+1t1zaMAc4N90k5pJFFz1lPI4Q==\n-----END RSA PRIVATE KEY-----\n",
            "public_key_fingerprint_md5": "b0:17:fd:01:cc:a1:6b:38:bf:76:fa:36:ca:dc:99:7d",
            "public_key_fingerprint_sha256": "SHA256:u47r3fZCHw9HGd5T7TKX/aysX6N7tNf3lJWlynfRqI0",
            "public_key_openssh": "ssh-rsa AAAAB3NzaC1yc2EAAAADAQABAAABAQCzt8YNR1qMBWAjJdarGS9ijMxCD7xeWOqAO8YUO5iy/nkVpvikzKfzZpsZTll36gKzTSeGVR64oXWG4K79XuAI/h6rdv3BlsNMqv96ZMQV9Z1V8RgHRRLrXh5eebLMpENG2n3owFXCDSlXPbY4bhiUYXa8woQaeM0A64wEd+8NT/Dtfot1jWZhaKbQAyod5UYHEpDL9/D+bBFqAyx6fEelUoLQ+iuhDf1MJvJB+YhGL2ezA7cYX62a23rWBtDBSiKbenLb4/NZqLO+AAEkrmno4QrvJUq7uSlDp/kNpNijZV/IqBf7vueFR1O/sAMYtunQwsDXaiZEoxhPeYuTdcIJ\n",
            "public_key_pem": "-----BEGIN PUBLIC KEY-----\nMIIBIjANBgkqhkiG9w0BAQEFAAOCAQ8AMIIBCgKCAQEAs7fGDUdajAVgIyXWqxkv\nYozMQg+8XljqgDvGFDuYsv55Fab4pMyn82abGU5Zd+oCs00nhlUeuKF1huCu/V7g\nCP4eq3b9wZbDTKr/emTEFfWdVfEYB0US614eXnmyzKRDRtp96MBVwg0pVz22OG4Y\nlGF2vMKEGnjNAOuMBHfvDU/w7X6LdY1mYWim0AMqHeVGBxKQy/fw/mwRagMsenxH\npVKC0PoroQ39TCbyQfmIRi9nswO3GF+tmtt61gbQwUoim3py2+PzWaizvgABJK5p\n6OEK7yVKu7kpQ6f5DaTYo2VfyKgX+77nhUdTv7ADGLbp0MLA12omRKMYT3mLk3XC\nCQIDAQAB\n-----END PUBLIC KEY-----\n",
            "rsa_bits": 2048
          },
          "sensitive_attributes": [],
          "private": "bnVsbA=="
        }
      ]
    }
  ]
}
