{
  "version": 4,
  "terraform_version": "1.2.3",
  "serial": 102,
  "lineage": "c9def583-a424-536a-57ec-34166c0ae5e6",
  "outputs": {
    "awssubnet_id": {
      "value": {
        "awsvpc_subnetid": [
          "subnet-0ca5256f2f097ed1a",
          "subnet-070c35f3b7ef4f54b"
        ]
      },
      "type": [
        "object",
        {
          "awsvpc_subnetid": [
            "tuple",
            [
              "string",
              "string"
            ]
          ]
        }
      ]
    },
    "vpc_ids": {
      "value": {
        "name": "test-key.pem"
      },
      "type": [
        "object",
        {
          "name": "string"
        }
      ]
    }
  },
  "resources": [
    {
      "module": "module.awsvpc",
      "mode": "managed",
      "type": "aws_internet_gateway",
      "name": "name",
      "provider": "provider[\"registry.terraform.io/hashicorp/aws\"]",
      "instances": [
        {
          "schema_version": 0,
          "attributes": {
            "arn": "arn:aws:ec2:ap-east-1:699663064964:internet-gateway/igw-0264ef43bd0b560cb",
            "id": "igw-0264ef43bd0b560cb",
            "owner_id": "699663064964",
            "tags": {
              "Name": "dev-net"
            },
            "tags_all": {
              "Name": "dev-net"
            },
            "vpc_id": "vpc-0205de89fbe11816c"
          },
          "sensitive_attributes": [],
          "private": "bnVsbA==",
          "dependencies": [
            "module.awsvpc.aws_vpc.name"
          ]
        }
      ]
    },
    {
      "module": "module.awsvpc",
      "mode": "managed",
      "type": "aws_route_table",
      "name": "public_rt",
      "provider": "provider[\"registry.terraform.io/hashicorp/aws\"]",
      "instances": [
        {
          "schema_version": 0,
          "attributes": {
            "arn": "arn:aws:ec2:ap-east-1:699663064964:route-table/rtb-04a9dbd9d1477a757",
            "id": "rtb-04a9dbd9d1477a757",
            "owner_id": "699663064964",
            "propagating_vgws": [],
            "route": [
              {
                "carrier_gateway_id": "",
                "cidr_block": "0.0.0.0/0",
                "core_network_arn": "",
                "destination_prefix_list_id": "",
                "egress_only_gateway_id": "",
                "gateway_id": "igw-0264ef43bd0b560cb",
                "instance_id": "",
                "ipv6_cidr_block": "",
                "local_gateway_id": "",
                "nat_gateway_id": "",
                "network_interface_id": "",
                "transit_gateway_id": "",
                "vpc_endpoint_id": "",
                "vpc_peering_connection_id": ""
              }
            ],
            "tags": {
              "Name": "dev-net-publicRouteTable"
            },
            "tags_all": {
              "Name": "dev-net-publicRouteTable"
            },
            "timeouts": null,
            "vpc_id": "vpc-0205de89fbe11816c"
          },
          "sensitive_attributes": [],
          "private": "eyJlMmJmYjczMC1lY2FhLTExZTYtOGY4OC0zNDM2M2JjN2M0YzAiOnsiY3JlYXRlIjozMDAwMDAwMDAwMDAsImRlbGV0ZSI6MzAwMDAwMDAwMDAwLCJ1cGRhdGUiOjEyMDAwMDAwMDAwMH19",
          "dependencies": [
            "module.awsvpc.aws_internet_gateway.name",
            "module.awsvpc.aws_vpc.name"
          ]
        }
      ]
    },
    {
      "module": "module.awsvpc",
      "mode": "managed",
      "type": "aws_subnet",
      "name": "private",
      "provider": "provider[\"registry.terraform.io/hashicorp/aws\"]",
      "instances": [
        {
          "index_key": "ap-east-1c",
          "schema_version": 1,
          "attributes": {
            "arn": "arn:aws:ec2:ap-east-1:699663064964:subnet/subnet-01b6962d5fbc1b719",
            "assign_ipv6_address_on_creation": false,
            "availability_zone": "ap-east-1c",
            "availability_zone_id": "ape1-az3",
            "cidr_block": "10.0.3.0/24",
            "customer_owned_ipv4_pool": "",
            "enable_dns64": false,
            "enable_resource_name_dns_a_record_on_launch": false,
            "enable_resource_name_dns_aaaa_record_on_launch": false,
            "id": "subnet-01b6962d5fbc1b719",
            "ipv6_cidr_block": "",
            "ipv6_cidr_block_association_id": "",
            "ipv6_native": false,
            "map_customer_owned_ip_on_launch": false,
            "map_public_ip_on_launch": false,
            "outpost_arn": "",
            "owner_id": "699663064964",
            "private_dns_hostname_type_on_launch": "ip-name",
            "tags": {
              "Name": "public-subnet-ap-east-1c"
            },
            "tags_all": {
              "Name": "public-subnet-ap-east-1c"
            },
            "timeouts": null,
            "vpc_id": "vpc-0205de89fbe11816c"
          },
          "sensitive_attributes": [],
          "private": "eyJlMmJmYjczMC1lY2FhLTExZTYtOGY4OC0zNDM2M2JjN2M0YzAiOnsiY3JlYXRlIjo2MDAwMDAwMDAwMDAsImRlbGV0ZSI6MTIwMDAwMDAwMDAwMH0sInNjaGVtYV92ZXJzaW9uIjoiMSJ9",
          "dependencies": [
            "module.awsvpc.aws_vpc.name"
          ]
        }
      ]
    },
    {
      "module": "module.awsvpc",
      "mode": "managed",
      "type": "aws_subnet",
      "name": "public",
      "provider": "provider[\"registry.terraform.io/hashicorp/aws\"]",
      "instances": [
        {
          "index_key": "ap-east-1a",
          "schema_version": 1,
          "attributes": {
            "arn": "arn:aws:ec2:ap-east-1:699663064964:subnet/subnet-0ca5256f2f097ed1a",
            "assign_ipv6_address_on_creation": false,
            "availability_zone": "ap-east-1a",
            "availability_zone_id": "ape1-az1",
            "cidr_block": "10.0.1.0/24",
            "customer_owned_ipv4_pool": "",
            "enable_dns64": false,
            "enable_resource_name_dns_a_record_on_launch": false,
            "enable_resource_name_dns_aaaa_record_on_launch": false,
            "id": "subnet-0ca5256f2f097ed1a",
            "ipv6_cidr_block": "",
            "ipv6_cidr_block_association_id": "",
            "ipv6_native": false,
            "map_customer_owned_ip_on_launch": false,
            "map_public_ip_on_launch": true,
            "outpost_arn": "",
            "owner_id": "699663064964",
            "private_dns_hostname_type_on_launch": "ip-name",
            "tags": {
              "Name": "public-subnet-ap-east-1a"
            },
            "tags_all": {
              "Name": "public-subnet-ap-east-1a"
            },
            "timeouts": null,
            "vpc_id": "vpc-0205de89fbe11816c"
          },
          "sensitive_attributes": [],
          "private": "eyJlMmJmYjczMC1lY2FhLTExZTYtOGY4OC0zNDM2M2JjN2M0YzAiOnsiY3JlYXRlIjo2MDAwMDAwMDAwMDAsImRlbGV0ZSI6MTIwMDAwMDAwMDAwMH0sInNjaGVtYV92ZXJzaW9uIjoiMSJ9",
          "dependencies": [
            "module.awsvpc.aws_vpc.name"
          ]
        },
        {
          "index_key": "ap-east-1b",
          "schema_version": 1,
          "attributes": {
            "arn": "arn:aws:ec2:ap-east-1:699663064964:subnet/subnet-070c35f3b7ef4f54b",
            "assign_ipv6_address_on_creation": false,
            "availability_zone": "ap-east-1b",
            "availability_zone_id": "ape1-az2",
            "cidr_block": "10.0.2.0/24",
            "customer_owned_ipv4_pool": "",
            "enable_dns64": false,
            "enable_resource_name_dns_a_record_on_launch": false,
            "enable_resource_name_dns_aaaa_record_on_launch": false,
            "id": "subnet-070c35f3b7ef4f54b",
            "ipv6_cidr_block": "",
            "ipv6_cidr_block_association_id": "",
            "ipv6_native": false,
            "map_customer_owned_ip_on_launch": false,
            "map_public_ip_on_launch": true,
            "outpost_arn": "",
            "owner_id": "699663064964",
            "private_dns_hostname_type_on_launch": "ip-name",
            "tags": {
              "Name": "public-subnet-ap-east-1b"
            },
            "tags_all": {
              "Name": "public-subnet-ap-east-1b"
            },
            "timeouts": null,
            "vpc_id": "vpc-0205de89fbe11816c"
          },
          "sensitive_attributes": [],
          "private": "eyJlMmJmYjczMC1lY2FhLTExZTYtOGY4OC0zNDM2M2JjN2M0YzAiOnsiY3JlYXRlIjo2MDAwMDAwMDAwMDAsImRlbGV0ZSI6MTIwMDAwMDAwMDAwMH0sInNjaGVtYV92ZXJzaW9uIjoiMSJ9",
          "dependencies": [
            "module.awsvpc.aws_vpc.name"
          ]
        }
      ]
    },
    {
      "module": "module.awsvpc",
      "mode": "managed",
      "type": "aws_vpc",
      "name": "name",
      "provider": "provider[\"registry.terraform.io/hashicorp/aws\"]",
      "instances": [
        {
          "schema_version": 1,
          "attributes": {
            "arn": "arn:aws:ec2:ap-east-1:699663064964:vpc/vpc-0205de89fbe11816c",
            "assign_generated_ipv6_cidr_block": false,
            "cidr_block": "10.0.0.0/16",
            "default_network_acl_id": "acl-078fb763ed72c82b5",
            "default_route_table_id": "rtb-061de18ccd0920674",
            "default_security_group_id": "sg-08f94598eb2c39e6c",
            "dhcp_options_id": "dopt-37a8465e",
            "enable_classiclink": false,
            "enable_classiclink_dns_support": false,
            "enable_dns_hostnames": true,
            "enable_dns_support": true,
            "id": "vpc-0205de89fbe11816c",
            "instance_tenancy": "default",
            "ipv4_ipam_pool_id": null,
            "ipv4_netmask_length": null,
            "ipv6_association_id": "",
            "ipv6_cidr_block": "",
            "ipv6_cidr_block_network_border_group": "",
            "ipv6_ipam_pool_id": "",
            "ipv6_netmask_length": 0,
            "main_route_table_id": "rtb-061de18ccd0920674",
            "owner_id": "699663064964",
            "tags": {
              "Name": "dev-net"
            },
            "tags_all": {
              "Name": "dev-net"
            }
          },
          "sensitive_attributes": [],
          "private": "eyJzY2hlbWFfdmVyc2lvbiI6IjEifQ=="
        }
      ]
    },
    {
      "module": "module.key",
      "mode": "managed",
      "type": "aws_key_pair",
      "name": "public_key",
      "provider": "provider[\"registry.terraform.io/hashicorp/aws\"]",
      "instances": [
        {
          "schema_version": 1,
          "attributes": {
            "arn": "arn:aws:ec2:ap-east-1:699663064964:key-pair/test-key.pem",
            "fingerprint": "77:3d:a4:cd:8b:ee:ff:c8:32:1f:10:2a:75:f7:89:c1",
            "id": "test-key.pem",
            "key_name": "test-key.pem",
            "key_name_prefix": "",
            "key_pair_id": "key-0598612a5abfdb956",
            "public_key": "ssh-rsa AAAAB3NzaC1yc2EAAAADAQABAAABAQCylgdw4YPPfArkODhyC1+Cr6kA9UO7hH3zC6wVbYLS2uJLW8PLxcRfgamJClGkmXMwO4Gc01FwvBZ6YQNAIT5MKvkuwdqnvD4achv84CcMNhWKJH126MyupxUToCdce0UZOu3de3Y2iFBpGqCO1it2rh0S0YSlqI+GKOQb6FVrMxRpRDtJxKhb5WZjwUhF0chwNxrIdPtcLZpH2ymY3IhFwX3I91w4cyvXxV//Vh0mPZLCj9A+thADEyhPf+2dTyB+QOKUYRysKCWnVt4SIjugvgYy2ijFCLjPCF0K1JwCgdH6psrKRkIEJe2Q1iTpBSoolKIlwbjN93+4bckMz1zh",
            "tags": {},
            "tags_all": {}
          },
          "sensitive_attributes": [],
          "private": "eyJzY2hlbWFfdmVyc2lvbiI6IjEifQ==",
          "dependencies": [
            "module.key.tls_private_key.key"
          ]
        }
      ]
    },
    {
      "module": "module.key",
      "mode": "managed",
      "type": "local_file",
      "name": "priavte_key",
      "provider": "provider[\"registry.terraform.io/hashicorp/local\"]",
      "instances": [
        {
          "schema_version": 0,
          "attributes": {
            "content": "-----BEGIN RSA PRIVATE KEY-----\nMIIEowIBAAKCAQEAspYHcOGDz3wK5Dg4cgtfgq+pAPVDu4R98wusFW2C0triS1vD\ny8XEX4GpiQpRpJlzMDuBnNNRcLwWemEDQCE+TCr5LsHap7w+GnIb/OAnDDYViiR9\ndujMrqcVE6AnXHtFGTrt3Xt2NohQaRqgjtYrdq4dEtGEpaiPhijkG+hVazMUaUQ7\nScSoW+VmY8FIRdHIcDcayHT7XC2aR9spmNyIRcF9yPdcOHMr18Vf/1YdJj2Swo/Q\nPrYQAxMoT3/tnU8gfkDilGEcrCglp1beEiI7oL4GMtooxQi4zwhdCtScAoHR+qbK\nykZCBCXtkNYk6QUqKJSiJcG4zfd/uG3JDM9c4QIDAQABAoIBAHt8CgEfrojVeKJ9\nzWnuO0ieNfoXnZIX9w8Lzx2x73flKfx5o1VPlo2DlrrPi8yI3oFHZEQQSovtQo20\nbw707aK1RD/0g0DghQC8TmX4iIeFDjfLK4YBSyapGYXMg+sKwajEep1fNUpXz2Id\nq0+Y/8y8cBYHEfWKLFPUCobRi97m90XO1sEYmUqmokSN69m8t8RCaegQHSywD9zQ\nIlplDkSukYt5wWbO7PBdLPWNBVqGvNtSn1NGjI9ppJun1GXi5h1X/6b0Aj6uWblP\nSbbeDD+T9StvyHidHQwFBPfosAAUOpWc64uYj4SHr96W1T7vvsEHaM8KKIFYnUGI\nKPpApxECgYEA0le7ALumthYH8Ulo5ls0aVqFYYxz4ovIGQFDvIkKsjVuHN+n4hI0\nf9ts7PZwjJGAr6aCLJrNmHgMWhE5lWXrG8skSNh7AFYP1VoeXN+Pj6HNhMUhEECD\ne8E+2nJoGPNHTVqmbsDUyZNGLoLH+YL1pzX7D7JzumriFYHIiMT3KE8CgYEA2Vmn\nQb3HBnqPuA/hvyFosIp8M7IJ+HNnQ7G+8+IQeJIYRnBadEsqj+EU7CN7aSyziRg2\n+f6rTFOm2/PFOcqRcCV8M8hlmHIcmtP7lsm5iyF9KrpSMKvl2nUQ18fHDuJ2f2rV\ncQbGtf0XlLfVP7nSVQyNLbjorABrW9RorWMnq88CgYEAwHtPwQf3MsFOW1rWB5aG\ni7IuRGoG0dUgMuGZXrn5c8K5FOsF8ja+nBHrx5xsufWcUSCKFs9CPLf+dZ01mKU/\nVJu8hHy1ckVPD+n7xvk9oi5qp4jNDNY8e88G+VegMtTM9thxXQBQuHVwz7cV0Bor\nOeyH5oFircCJSy0MmTvFALkCgYArEUK9Ghenxv1XYX4/2yTdZnN54ttq6aManMvT\nk4Xj/j7lJjomNQa3/8efiuBXVM42ah/qpXXX5/N2PfVkoCj1adgUgq7u6B2W6E4/\n8LTdRsOAhe7nSgh/oxa1Sxa8ck88rDSi8s7JHN9hTpPozq9IvvXyi2M/Qc4EIjCj\nurQPrQKBgCRpFpo2pBPRWrnSfexvxwVtGvqMYJ/Ia5Gb/X11cPtRxiktxMrTHux/\nebI0EYIugFgGyfxJBNPOr8recTZsBIopbbpMr/bdfkhbZV7ImKIiIrcJdi7ND3ms\niI/Yr3F948Dv9QrgzBpT9kYtOgCQm/OPb/N9GJ2EPo4QCzth2t+y\n-----END RSA PRIVATE KEY-----\n",
            "content_base64": null,
            "directory_permission": "0777",
            "file_permission": "0777",
            "filename": "test-key.pem",
            "id": "779d136adfd97b79b0483986283d25fa413ecc8c",
            "sensitive_content": null,
            "source": null
          },
          "sensitive_attributes": [
            [
              {
                "type": "get_attr",
                "value": "content"
              }
            ]
          ],
          "private": "bnVsbA==",
          "dependencies": [
            "module.key.tls_private_key.key"
          ]
        }
      ]
    },
    {
      "module": "module.key",
      "mode": "managed",
      "type": "tls_private_key",
      "name": "key",
      "provider": "provider[\"registry.terraform.io/hashicorp/tls\"]",
      "instances": [
        {
          "schema_version": 0,
          "attributes": {
            "algorithm": "RSA",
            "ecdsa_curve": "P224",
            "id": "52214954a76dc2be876adc7881e7b60929688015",
            "private_key_openssh": "-----BEGIN OPENSSH PRIVATE KEY-----\nb3BlbnNzaC1rZXktdjEAAAAABG5vbmUAAAAEbm9uZQAAAAAAAAABAAABFwAAAAdz\nc2gtcnNhAAAAAwEAAQAAAQEAspYHcOGDz3wK5Dg4cgtfgq+pAPVDu4R98wusFW2C\n0triS1vDy8XEX4GpiQpRpJlzMDuBnNNRcLwWemEDQCE+TCr5LsHap7w+GnIb/OAn\nDDYViiR9dujMrqcVE6AnXHtFGTrt3Xt2NohQaRqgjtYrdq4dEtGEpaiPhijkG+hV\nazMUaUQ7ScSoW+VmY8FIRdHIcDcayHT7XC2aR9spmNyIRcF9yPdcOHMr18Vf/1Yd\nJj2Swo/QPrYQAxMoT3/tnU8gfkDilGEcrCglp1beEiI7oL4GMtooxQi4zwhdCtSc\nAoHR+qbKykZCBCXtkNYk6QUqKJSiJcG4zfd/uG3JDM9c4QAAA7igK2jToCto0wAA\nAAdzc2gtcnNhAAABAQCylgdw4YPPfArkODhyC1+Cr6kA9UO7hH3zC6wVbYLS2uJL\nW8PLxcRfgamJClGkmXMwO4Gc01FwvBZ6YQNAIT5MKvkuwdqnvD4achv84CcMNhWK\nJH126MyupxUToCdce0UZOu3de3Y2iFBpGqCO1it2rh0S0YSlqI+GKOQb6FVrMxRp\nRDtJxKhb5WZjwUhF0chwNxrIdPtcLZpH2ymY3IhFwX3I91w4cyvXxV//Vh0mPZLC\nj9A+thADEyhPf+2dTyB+QOKUYRysKCWnVt4SIjugvgYy2ijFCLjPCF0K1JwCgdH6\npsrKRkIEJe2Q1iTpBSoolKIlwbjN93+4bckMz1zhAAAAAwEAAQAAAQB7fAoBH66I\n1Xiifc1p7jtInjX6F52SF/cPC88dse935Sn8eaNVT5aNg5a6z4vMiN6BR2REEEqL\n7UKNtG8O9O2itUQ/9INA4IUAvE5l+IiHhQ43yyuGAUsmqRmFzIPrCsGoxHqdXzVK\nV89iHatPmP/MvHAWBxH1iixT1AqG0Yve5vdFztbBGJlKpqJEjevZvLfEQmnoEB0s\nsA/c0CJaZQ5ErpGLecFmzuzwXSz1jQVahrzbUp9TRoyPaaSbp9Rl4uYdV/+m9AI+\nrlm5T0m23gw/k/Urb8h4nR0MBQT36LAAFDqVnOuLmI+Eh6/eltU+777BB2jPCiiB\nWJ1BiCj6QKcRAAAAgCRpFpo2pBPRWrnSfexvxwVtGvqMYJ/Ia5Gb/X11cPtRxikt\nxMrTHux/ebI0EYIugFgGyfxJBNPOr8recTZsBIopbbpMr/bdfkhbZV7ImKIiIrcJ\ndi7ND3msiI/Yr3F948Dv9QrgzBpT9kYtOgCQm/OPb/N9GJ2EPo4QCzth2t+yAAAA\ngQDSV7sAu6a2FgfxSWjmWzRpWoVhjHPii8gZAUO8iQqyNW4c36fiEjR/22zs9nCM\nkYCvpoIsms2YeAxaETmVZesbyyRI2HsAVg/VWh5c34+Poc2ExSEQQIN7wT7acmgY\n80dNWqZuwNTJk0Yugsf5gvWnNfsPsnO6auIVgciIxPcoTwAAAIEA2VmnQb3HBnqP\nuA/hvyFosIp8M7IJ+HNnQ7G+8+IQeJIYRnBadEsqj+EU7CN7aSyziRg2+f6rTFOm\n2/PFOcqRcCV8M8hlmHIcmtP7lsm5iyF9KrpSMKvl2nUQ18fHDuJ2f2rVcQbGtf0X\nlLfVP7nSVQyNLbjorABrW9RorWMnq88AAAAAAQID\n-----END OPENSSH PRIVATE KEY-----\n",
            "private_key_pem": "-----BEGIN RSA PRIVATE KEY-----\nMIIEowIBAAKCAQEAspYHcOGDz3wK5Dg4cgtfgq+pAPVDu4R98wusFW2C0triS1vD\ny8XEX4GpiQpRpJlzMDuBnNNRcLwWemEDQCE+TCr5LsHap7w+GnIb/OAnDDYViiR9\ndujMrqcVE6AnXHtFGTrt3Xt2NohQaRqgjtYrdq4dEtGEpaiPhijkG+hVazMUaUQ7\nScSoW+VmY8FIRdHIcDcayHT7XC2aR9spmNyIRcF9yPdcOHMr18Vf/1YdJj2Swo/Q\nPrYQAxMoT3/tnU8gfkDilGEcrCglp1beEiI7oL4GMtooxQi4zwhdCtScAoHR+qbK\nykZCBCXtkNYk6QUqKJSiJcG4zfd/uG3JDM9c4QIDAQABAoIBAHt8CgEfrojVeKJ9\nzWnuO0ieNfoXnZIX9w8Lzx2x73flKfx5o1VPlo2DlrrPi8yI3oFHZEQQSovtQo20\nbw707aK1RD/0g0DghQC8TmX4iIeFDjfLK4YBSyapGYXMg+sKwajEep1fNUpXz2Id\nq0+Y/8y8cBYHEfWKLFPUCobRi97m90XO1sEYmUqmokSN69m8t8RCaegQHSywD9zQ\nIlplDkSukYt5wWbO7PBdLPWNBVqGvNtSn1NGjI9ppJun1GXi5h1X/6b0Aj6uWblP\nSbbeDD+T9StvyHidHQwFBPfosAAUOpWc64uYj4SHr96W1T7vvsEHaM8KKIFYnUGI\nKPpApxECgYEA0le7ALumthYH8Ulo5ls0aVqFYYxz4ovIGQFDvIkKsjVuHN+n4hI0\nf9ts7PZwjJGAr6aCLJrNmHgMWhE5lWXrG8skSNh7AFYP1VoeXN+Pj6HNhMUhEECD\ne8E+2nJoGPNHTVqmbsDUyZNGLoLH+YL1pzX7D7JzumriFYHIiMT3KE8CgYEA2Vmn\nQb3HBnqPuA/hvyFosIp8M7IJ+HNnQ7G+8+IQeJIYRnBadEsqj+EU7CN7aSyziRg2\n+f6rTFOm2/PFOcqRcCV8M8hlmHIcmtP7lsm5iyF9KrpSMKvl2nUQ18fHDuJ2f2rV\ncQbGtf0XlLfVP7nSVQyNLbjorABrW9RorWMnq88CgYEAwHtPwQf3MsFOW1rWB5aG\ni7IuRGoG0dUgMuGZXrn5c8K5FOsF8ja+nBHrx5xsufWcUSCKFs9CPLf+dZ01mKU/\nVJu8hHy1ckVPD+n7xvk9oi5qp4jNDNY8e88G+VegMtTM9thxXQBQuHVwz7cV0Bor\nOeyH5oFircCJSy0MmTvFALkCgYArEUK9Ghenxv1XYX4/2yTdZnN54ttq6aManMvT\nk4Xj/j7lJjomNQa3/8efiuBXVM42ah/qpXXX5/N2PfVkoCj1adgUgq7u6B2W6E4/\n8LTdRsOAhe7nSgh/oxa1Sxa8ck88rDSi8s7JHN9hTpPozq9IvvXyi2M/Qc4EIjCj\nurQPrQKBgCRpFpo2pBPRWrnSfexvxwVtGvqMYJ/Ia5Gb/X11cPtRxiktxMrTHux/\nebI0EYIugFgGyfxJBNPOr8recTZsBIopbbpMr/bdfkhbZV7ImKIiIrcJdi7ND3ms\niI/Yr3F948Dv9QrgzBpT9kYtOgCQm/OPb/N9GJ2EPo4QCzth2t+y\n-----END RSA PRIVATE KEY-----\n",
            "public_key_fingerprint_md5": "b3:f1:bf:ee:5a:d1:a7:0b:0c:1e:5f:32:0c:08:05:6b",
            "public_key_fingerprint_sha256": "SHA256:xvFV1ZioXP5LtBhK/fveK5PJrijwVVHCfVfMrec9v9I",
            "public_key_openssh": "ssh-rsa AAAAB3NzaC1yc2EAAAADAQABAAABAQCylgdw4YPPfArkODhyC1+Cr6kA9UO7hH3zC6wVbYLS2uJLW8PLxcRfgamJClGkmXMwO4Gc01FwvBZ6YQNAIT5MKvkuwdqnvD4achv84CcMNhWKJH126MyupxUToCdce0UZOu3de3Y2iFBpGqCO1it2rh0S0YSlqI+GKOQb6FVrMxRpRDtJxKhb5WZjwUhF0chwNxrIdPtcLZpH2ymY3IhFwX3I91w4cyvXxV//Vh0mPZLCj9A+thADEyhPf+2dTyB+QOKUYRysKCWnVt4SIjugvgYy2ijFCLjPCF0K1JwCgdH6psrKRkIEJe2Q1iTpBSoolKIlwbjN93+4bckMz1zh\n",
            "public_key_pem": "-----BEGIN PUBLIC KEY-----\nMIIBIjANBgkqhkiG9w0BAQEFAAOCAQ8AMIIBCgKCAQEAspYHcOGDz3wK5Dg4cgtf\ngq+pAPVDu4R98wusFW2C0triS1vDy8XEX4GpiQpRpJlzMDuBnNNRcLwWemEDQCE+\nTCr5LsHap7w+GnIb/OAnDDYViiR9dujMrqcVE6AnXHtFGTrt3Xt2NohQaRqgjtYr\ndq4dEtGEpaiPhijkG+hVazMUaUQ7ScSoW+VmY8FIRdHIcDcayHT7XC2aR9spmNyI\nRcF9yPdcOHMr18Vf/1YdJj2Swo/QPrYQAxMoT3/tnU8gfkDilGEcrCglp1beEiI7\noL4GMtooxQi4zwhdCtScAoHR+qbKykZCBCXtkNYk6QUqKJSiJcG4zfd/uG3JDM9c\n4QIDAQAB\n-----END PUBLIC KEY-----\n",
            "rsa_bits": 2048
          },
          "sensitive_attributes": [],
          "private": "bnVsbA=="
        }
      ]
    }
  ]
}
