{
  "version": 4,
  "terraform_version": "1.2.4",
  "serial": 972,
  "lineage": "c9def583-a424-536a-57ec-34166c0ae5e6",
  "outputs": {
    "awssubnet_info": {
      "value": {
        "awsvpc_subnet_private_id": {
          "ap-east-1c": "subnet-0af42b16679e21f53"
        },
        "awsvpc_subnet_public_id": {
          "ap-east-1a": "subnet-0e92f9e61f971d372",
          "ap-east-1b": "subnet-0186b3e3b6dbf0fdc"
        },
        "vpc_public_rt": {
          "table_private_rt": "rtb-0bf13a3ad5f56adb8",
          "table_public_rt": "rtb-06ed4b646067e91fb",
          "vpc": "vpc-0fa225a003bb32eea"
        }
      },
      "type": [
        "object",
        {
          "awsvpc_subnet_private_id": [
            "object",
            {
              "ap-east-1c": "string"
            }
          ],
          "awsvpc_subnet_public_id": [
            "object",
            {
              "ap-east-1a": "string",
              "ap-east-1b": "string"
            }
          ],
          "vpc_public_rt": [
            "map",
            "string"
          ]
        }
      ]
    },
    "dev_key": {
      "value": {
        "name": "test-key.pem"
      },
      "type": [
        "object",
        {
          "name": "string"
        }
      ]
    },
    "testlb": {
      "value": {
        "awslb_info": [
          "subnet-0e92f9e61f971d372",
          "subnet-0186b3e3b6dbf0fdc"
        ]
      },
      "type": [
        "object",
        {
          "awslb_info": [
            "tuple",
            [
              "string",
              "string"
            ]
          ]
        }
      ]
    }
  },
  "resources": [
    {
      "module": "module.awsvpc",
      "mode": "data",
      "type": "external",
      "name": "t",
      "provider": "provider[\"registry.terraform.io/hashicorp/external\"]",
      "instances": [
        {
          "schema_version": 0,
          "attributes": {
            "id": "-",
            "program": [
              "sh",
              "../modules/awsvpc/tag.sh"
            ],
            "query": {
              "table_publicrt_id": "rtb-06ed4b646067e91fb",
              "vpc_id": "vpc-0fa225a003bb32eea"
            },
            "result": {
              "table_private_rt": "rtb-0bf13a3ad5f56adb8",
              "table_public_rt": "rtb-06ed4b646067e91fb",
              "vpc": "vpc-0fa225a003bb32eea"
            },
            "working_dir": null
          },
          "sensitive_attributes": []
        }
      ]
    },
    {
      "module": "module.awsvpc",
      "mode": "managed",
      "type": "aws_internet_gateway",
      "name": "name",
      "provider": "provider[\"registry.terraform.io/hashicorp/aws\"]",
      "instances": [
        {
          "schema_version": 0,
          "attributes": {
            "arn": "arn:aws:ec2:ap-east-1:699663064964:internet-gateway/igw-0855f52a2d6a4e502",
            "id": "igw-0855f52a2d6a4e502",
            "owner_id": "699663064964",
            "tags": {
              "Name": "dev-net"
            },
            "tags_all": {
              "Name": "dev-net"
            },
            "vpc_id": "vpc-0fa225a003bb32eea"
          },
          "sensitive_attributes": [],
          "private": "bnVsbA==",
          "dependencies": [
            "module.awsvpc.aws_vpc.name"
          ]
        }
      ]
    },
    {
      "module": "module.awsvpc",
      "mode": "managed",
      "type": "aws_route_table",
      "name": "public_rt",
      "provider": "provider[\"registry.terraform.io/hashicorp/aws\"]",
      "instances": [
        {
          "schema_version": 0,
          "attributes": {
            "arn": "arn:aws:ec2:ap-east-1:699663064964:route-table/rtb-06ed4b646067e91fb",
            "id": "rtb-06ed4b646067e91fb",
            "owner_id": "699663064964",
            "propagating_vgws": [],
            "route": [
              {
                "carrier_gateway_id": "",
                "cidr_block": "0.0.0.0/0",
                "core_network_arn": "",
                "destination_prefix_list_id": "",
                "egress_only_gateway_id": "",
                "gateway_id": "igw-0855f52a2d6a4e502",
                "instance_id": "",
                "ipv6_cidr_block": "",
                "local_gateway_id": "",
                "nat_gateway_id": "",
                "network_interface_id": "",
                "transit_gateway_id": "",
                "vpc_endpoint_id": "",
                "vpc_peering_connection_id": ""
              }
            ],
            "tags": {
              "Name": "publicRouteTable"
            },
            "tags_all": {
              "Name": "publicRouteTable"
            },
            "timeouts": null,
            "vpc_id": "vpc-0fa225a003bb32eea"
          },
          "sensitive_attributes": [],
          "private": "eyJlMmJmYjczMC1lY2FhLTExZTYtOGY4OC0zNDM2M2JjN2M0YzAiOnsiY3JlYXRlIjozMDAwMDAwMDAwMDAsImRlbGV0ZSI6MzAwMDAwMDAwMDAwLCJ1cGRhdGUiOjEyMDAwMDAwMDAwMH19",
          "dependencies": [
            "module.awsvpc.aws_internet_gateway.name",
            "module.awsvpc.aws_vpc.name"
          ]
        }
      ]
    },
    {
      "module": "module.awsvpc",
      "mode": "managed",
      "type": "aws_route_table_association",
      "name": "a",
      "provider": "provider[\"registry.terraform.io/hashicorp/aws\"]",
      "instances": [
        {
          "index_key": 0,
          "schema_version": 0,
          "attributes": {
            "gateway_id": "",
            "id": "rtbassoc-0005bf6e103f998b6",
            "route_table_id": "rtb-06ed4b646067e91fb",
            "subnet_id": "subnet-0e92f9e61f971d372"
          },
          "sensitive_attributes": [],
          "private": "bnVsbA==",
          "dependencies": [
            "module.awsvpc.aws_internet_gateway.name",
            "module.awsvpc.aws_route_table.public_rt",
            "module.awsvpc.aws_subnet.public",
            "module.awsvpc.aws_vpc.name"
          ]
        },
        {
          "index_key": 1,
          "schema_version": 0,
          "attributes": {
            "gateway_id": "",
            "id": "rtbassoc-08e83c374d592a0ce",
            "route_table_id": "rtb-06ed4b646067e91fb",
            "subnet_id": "subnet-0186b3e3b6dbf0fdc"
          },
          "sensitive_attributes": [],
          "private": "bnVsbA==",
          "dependencies": [
            "module.awsvpc.aws_internet_gateway.name",
            "module.awsvpc.aws_route_table.public_rt",
            "module.awsvpc.aws_subnet.public",
            "module.awsvpc.aws_vpc.name"
          ]
        }
      ]
    },
    {
      "module": "module.awsvpc",
      "mode": "managed",
      "type": "aws_route_table_association",
      "name": "private",
      "provider": "provider[\"registry.terraform.io/hashicorp/aws\"]",
      "instances": [
        {
          "index_key": 0,
          "schema_version": 0,
          "attributes": {
            "gateway_id": "",
            "id": "rtbassoc-0e193d08ab2d621da",
            "route_table_id": "rtb-0bf13a3ad5f56adb8",
            "subnet_id": "subnet-0af42b16679e21f53"
          },
          "sensitive_attributes": [],
          "private": "bnVsbA==",
          "dependencies": [
            "module.awsvpc.aws_internet_gateway.name",
            "module.awsvpc.aws_route_table.public_rt",
            "module.awsvpc.aws_subnet.private",
            "module.awsvpc.aws_vpc.name",
            "module.awsvpc.data.external.t"
          ]
        }
      ]
    },
    {
      "module": "module.awsvpc",
      "mode": "managed",
      "type": "aws_subnet",
      "name": "private",
      "provider": "provider[\"registry.terraform.io/hashicorp/aws\"]",
      "instances": [
        {
          "index_key": "ap-east-1c",
          "schema_version": 1,
          "attributes": {
            "arn": "arn:aws:ec2:ap-east-1:699663064964:subnet/subnet-0af42b16679e21f53",
            "assign_ipv6_address_on_creation": false,
            "availability_zone": "ap-east-1c",
            "availability_zone_id": "ape1-az3",
            "cidr_block": "10.0.3.0/24",
            "customer_owned_ipv4_pool": "",
            "enable_dns64": false,
            "enable_resource_name_dns_a_record_on_launch": false,
            "enable_resource_name_dns_aaaa_record_on_launch": false,
            "id": "subnet-0af42b16679e21f53",
            "ipv6_cidr_block": "",
            "ipv6_cidr_block_association_id": "",
            "ipv6_native": false,
            "map_customer_owned_ip_on_launch": false,
            "map_public_ip_on_launch": false,
            "outpost_arn": "",
            "owner_id": "699663064964",
            "private_dns_hostname_type_on_launch": "ip-name",
            "tags": {
              "Name": "private-subnet-ap-east-1c"
            },
            "tags_all": {
              "Name": "private-subnet-ap-east-1c"
            },
            "timeouts": null,
            "vpc_id": "vpc-0fa225a003bb32eea"
          },
          "sensitive_attributes": [],
          "private": "eyJlMmJmYjczMC1lY2FhLTExZTYtOGY4OC0zNDM2M2JjN2M0YzAiOnsiY3JlYXRlIjo2MDAwMDAwMDAwMDAsImRlbGV0ZSI6MTIwMDAwMDAwMDAwMH0sInNjaGVtYV92ZXJzaW9uIjoiMSJ9",
          "dependencies": [
            "module.awsvpc.aws_vpc.name"
          ]
        }
      ]
    },
    {
      "module": "module.awsvpc",
      "mode": "managed",
      "type": "aws_subnet",
      "name": "public",
      "provider": "provider[\"registry.terraform.io/hashicorp/aws\"]",
      "instances": [
        {
          "index_key": "ap-east-1a",
          "schema_version": 1,
          "attributes": {
            "arn": "arn:aws:ec2:ap-east-1:699663064964:subnet/subnet-0e92f9e61f971d372",
            "assign_ipv6_address_on_creation": false,
            "availability_zone": "ap-east-1a",
            "availability_zone_id": "ape1-az1",
            "cidr_block": "10.0.1.0/24",
            "customer_owned_ipv4_pool": "",
            "enable_dns64": false,
            "enable_resource_name_dns_a_record_on_launch": false,
            "enable_resource_name_dns_aaaa_record_on_launch": false,
            "id": "subnet-0e92f9e61f971d372",
            "ipv6_cidr_block": "",
            "ipv6_cidr_block_association_id": "",
            "ipv6_native": false,
            "map_customer_owned_ip_on_launch": false,
            "map_public_ip_on_launch": true,
            "outpost_arn": "",
            "owner_id": "699663064964",
            "private_dns_hostname_type_on_launch": "ip-name",
            "tags": {
              "Name": "public-subnet-ap-east-1a"
            },
            "tags_all": {
              "Name": "public-subnet-ap-east-1a"
            },
            "timeouts": null,
            "vpc_id": "vpc-0fa225a003bb32eea"
          },
          "sensitive_attributes": [],
          "private": "eyJlMmJmYjczMC1lY2FhLTExZTYtOGY4OC0zNDM2M2JjN2M0YzAiOnsiY3JlYXRlIjo2MDAwMDAwMDAwMDAsImRlbGV0ZSI6MTIwMDAwMDAwMDAwMH0sInNjaGVtYV92ZXJzaW9uIjoiMSJ9",
          "dependencies": [
            "module.awsvpc.aws_vpc.name"
          ]
        },
        {
          "index_key": "ap-east-1b",
          "schema_version": 1,
          "attributes": {
            "arn": "arn:aws:ec2:ap-east-1:699663064964:subnet/subnet-0186b3e3b6dbf0fdc",
            "assign_ipv6_address_on_creation": false,
            "availability_zone": "ap-east-1b",
            "availability_zone_id": "ape1-az2",
            "cidr_block": "10.0.2.0/24",
            "customer_owned_ipv4_pool": "",
            "enable_dns64": false,
            "enable_resource_name_dns_a_record_on_launch": false,
            "enable_resource_name_dns_aaaa_record_on_launch": false,
            "id": "subnet-0186b3e3b6dbf0fdc",
            "ipv6_cidr_block": "",
            "ipv6_cidr_block_association_id": "",
            "ipv6_native": false,
            "map_customer_owned_ip_on_launch": false,
            "map_public_ip_on_launch": true,
            "outpost_arn": "",
            "owner_id": "699663064964",
            "private_dns_hostname_type_on_launch": "ip-name",
            "tags": {
              "Name": "public-subnet-ap-east-1b"
            },
            "tags_all": {
              "Name": "public-subnet-ap-east-1b"
            },
            "timeouts": null,
            "vpc_id": "vpc-0fa225a003bb32eea"
          },
          "sensitive_attributes": [],
          "private": "eyJlMmJmYjczMC1lY2FhLTExZTYtOGY4OC0zNDM2M2JjN2M0YzAiOnsiY3JlYXRlIjo2MDAwMDAwMDAwMDAsImRlbGV0ZSI6MTIwMDAwMDAwMDAwMH0sInNjaGVtYV92ZXJzaW9uIjoiMSJ9",
          "dependencies": [
            "module.awsvpc.aws_vpc.name"
          ]
        }
      ]
    },
    {
      "module": "module.awsvpc",
      "mode": "managed",
      "type": "aws_vpc",
      "name": "name",
      "provider": "provider[\"registry.terraform.io/hashicorp/aws\"]",
      "instances": [
        {
          "schema_version": 1,
          "attributes": {
            "arn": "arn:aws:ec2:ap-east-1:699663064964:vpc/vpc-0fa225a003bb32eea",
            "assign_generated_ipv6_cidr_block": false,
            "cidr_block": "10.0.0.0/16",
            "default_network_acl_id": "acl-0f3dcb10adace5646",
            "default_route_table_id": "rtb-0bf13a3ad5f56adb8",
            "default_security_group_id": "sg-06ff669515e99e607",
            "dhcp_options_id": "dopt-37a8465e",
            "enable_classiclink": false,
            "enable_classiclink_dns_support": false,
            "enable_dns_hostnames": true,
            "enable_dns_support": true,
            "id": "vpc-0fa225a003bb32eea",
            "instance_tenancy": "default",
            "ipv4_ipam_pool_id": null,
            "ipv4_netmask_length": null,
            "ipv6_association_id": "",
            "ipv6_cidr_block": "",
            "ipv6_cidr_block_network_border_group": "",
            "ipv6_ipam_pool_id": "",
            "ipv6_netmask_length": 0,
            "main_route_table_id": "rtb-0bf13a3ad5f56adb8",
            "owner_id": "699663064964",
            "tags": {
              "Name": "dev-net"
            },
            "tags_all": {
              "Name": "dev-net"
            }
          },
          "sensitive_attributes": [],
          "private": "eyJzY2hlbWFfdmVyc2lvbiI6IjEifQ=="
        }
      ]
    },
    {
      "module": "module.key",
      "mode": "managed",
      "type": "aws_key_pair",
      "name": "public_key",
      "provider": "provider[\"registry.terraform.io/hashicorp/aws\"]",
      "instances": [
        {
          "schema_version": 1,
          "attributes": {
            "arn": "arn:aws:ec2:ap-east-1:699663064964:key-pair/test-key.pem",
            "fingerprint": "81:f0:cd:0b:a5:0a:59:97:b5:5b:8d:ad:0c:5b:00:cb",
            "id": "test-key.pem",
            "key_name": "test-key.pem",
            "key_name_prefix": "",
            "key_pair_id": "key-0bf0a90c2b6eb54ae",
            "public_key": "ssh-rsa AAAAB3NzaC1yc2EAAAADAQABAAABAQCezTlzqdPbNOqMX+cEIIm1u0HbBLZx4S9Av9bKA6UzaSqFDiBTMwNxBT5RFoye+DGxZDdwFM1uXw9K8jYOrVFhMXuRlpS0gZinaUlK6IBW69foL0D5s3y2MFjoHMLWoxcthoRjIeAfX2no8x2g+QNzo5R9vnWqYwmHqMU+UYbI2LRRBbh9wOG/ScFy5jvbhzAx9+QLfDIBpQgsJQ+bnAZMei9zcOBWx6x4/QqxvireDnv8aRwAZF3VRxgjwibw++RzAd3zR0FzATv81jWwvh6NNdmtfCxHhdx21g7c+JM3tTvk/BNtmue6AzaPzqQ4PFYB7Z+AqjnCIPEW+gLIsZ91",
            "tags": null,
            "tags_all": {}
          },
          "sensitive_attributes": [],
          "private": "eyJzY2hlbWFfdmVyc2lvbiI6IjEifQ==",
          "dependencies": [
            "module.key.tls_private_key.key"
          ]
        }
      ]
    },
    {
      "module": "module.key",
      "mode": "managed",
      "type": "local_file",
      "name": "priavte_key",
      "provider": "provider[\"registry.terraform.io/hashicorp/local\"]",
      "instances": [
        {
          "schema_version": 0,
          "attributes": {
            "content": "-----BEGIN RSA PRIVATE KEY-----\nMIIEowIBAAKCAQEAns05c6nT2zTqjF/nBCCJtbtB2wS2ceEvQL/WygOlM2kqhQ4g\nUzMDcQU+URaMnvgxsWQ3cBTNbl8PSvI2Dq1RYTF7kZaUtIGYp2lJSuiAVuvX6C9A\n+bN8tjBY6BzC1qMXLYaEYyHgH19p6PMdoPkDc6OUfb51qmMJh6jFPlGGyNi0UQW4\nfcDhv0nBcuY724cwMffkC3wyAaUILCUPm5wGTHovc3DgVseseP0Ksb4q3g57/Gkc\nAGRd1UcYI8Im8PvkcwHd80dBcwE7/NY1sL4ejTXZrXwsR4XcdtYO3PiTN7U75PwT\nbZrnugM2j86kODxWAe2fgKo5wiDxFvoCyLGfdQIDAQABAoIBAEPbJcWKuABfKCo7\ngJd+39lL3uQbq2oV8v8T+k/wJtNFCOo6Ew36KmpM90fm/see/nzyec3m1bFn5Tz9\nKqQy4ydI4ahgU8Kd7gD7OFpN5yk9NdD9ACKy04N2PUdRot/caLcHV+KUQxSkzLjB\nydNTFGqBZ54jmFvqXdQeBcqPQ6zmYDZF/cFlFv2MNxwCzGCSJ+k7uJOKCl2QLEjl\nnFIjunMpbbHaIdgC8ZggI2K056Vt+520EWDyZblQ9rDb9oo6ZCNWVBdeFl0kZJut\nwUzalJH+kOiakLnH/NoZKkurbVTTOVxBumJR9Sy/1yOY7qz2US3TePeqlKLTj/je\n6jkQLrECgYEAyQXIbG6Qxw9TL8vxALLneRqDXS60kpLmbpgBQoKuXX6Wmh4JQpB+\nM9OAWtJJ3Q+jRGFmiWK+aZ1+4Esy9xmb9Y52dVGAkW6bbevdTDWrTHLd2wf9td+z\nYiHFS4SX6b1DRm++85ZK6XSbS1M9WaDt+rilztjLyD11pm5E9DguF7MCgYEAyjts\nNhaxzRHbr9E2BdnWTdwTNSTKkTZDWtucBQvDmlWM/JpoIYog3jxhRE4/TEkoG9Fs\nZ1lFgSWMLSblfRXuVj/mpYklq7Wb3tAea4XclHvM8YbbOAU7sPrNOMBt48yRWWXt\nBS8ReDsx1qerV6C7KHU6JnwHuVJHcLhw3oRHWDcCgYArQiJSKyzemU6mb3WqV9V1\n+x2ftMhI7nHGBNHolSSem/oeqi4F9AAkePQbFzur5YyVz3v4PpaJNcoyzBvojss/\n+WtGbcaEBVBPRD14A+ib5/AUDVEsjToV+Pxy9tKWCxNqGev2kTYHrP8qI3yFSBtO\nI+QSchbQPWGO8hXGlDxe/wKBgDi1CvXrzTWswUZ+ysA/QjmY8YXgaDDp3181330G\nvHWlcaBPh82H1wmaMsgdjOBOT0HlqpkcTkIVjkYG9yjpImjrCDj4yShqB2gmQbFy\n2tSEFobPgt8lkIRi/3LferD65vMDgsAGX8awCpyfbYtn1bNVk9XAx8WujbvM7FFp\nFDxnAoGBAIE2fbupNCtRMezLUhmQnY2l7NUmQQj586YpDqmUzsTcboyyCRDLeLVg\nWrzW3+j6zj/3uskJ20W3+/5O25hpS9liI2OI3rYQWvQOgapx5Y+l4kZMzDztxMwY\nJb1TK9P0nBOF93WLvV6Wd78aY8d3pgmIvOo5/+5li6YV+2w7/ft5\n-----END RSA PRIVATE KEY-----\n",
            "content_base64": null,
            "directory_permission": "0777",
            "file_permission": "0777",
            "filename": "test-key.pem",
            "id": "3a32703af76bd65ee8e0e45c9741b17b666df49d",
            "sensitive_content": null,
            "source": null
          },
          "sensitive_attributes": [
            [
              {
                "type": "get_attr",
                "value": "content"
              }
            ]
          ],
          "private": "bnVsbA==",
          "dependencies": [
            "module.key.tls_private_key.key"
          ]
        }
      ]
    },
    {
      "module": "module.key",
      "mode": "managed",
      "type": "tls_private_key",
      "name": "key",
      "provider": "provider[\"registry.terraform.io/hashicorp/tls\"]",
      "instances": [
        {
          "schema_version": 0,
          "attributes": {
            "algorithm": "RSA",
            "ecdsa_curve": "P224",
            "id": "ef788a60e333e8b84c2a74e11a9fd8df4bd580c7",
            "private_key_openssh": "-----BEGIN OPENSSH PRIVATE KEY-----\nb3BlbnNzaC1rZXktdjEAAAAABG5vbmUAAAAEbm9uZQAAAAAAAAABAAABFwAAAAdz\nc2gtcnNhAAAAAwEAAQAAAQEAns05c6nT2zTqjF/nBCCJtbtB2wS2ceEvQL/WygOl\nM2kqhQ4gUzMDcQU+URaMnvgxsWQ3cBTNbl8PSvI2Dq1RYTF7kZaUtIGYp2lJSuiA\nVuvX6C9A+bN8tjBY6BzC1qMXLYaEYyHgH19p6PMdoPkDc6OUfb51qmMJh6jFPlGG\nyNi0UQW4fcDhv0nBcuY724cwMffkC3wyAaUILCUPm5wGTHovc3DgVseseP0Ksb4q\n3g57/GkcAGRd1UcYI8Im8PvkcwHd80dBcwE7/NY1sL4ejTXZrXwsR4XcdtYO3PiT\nN7U75PwTbZrnugM2j86kODxWAe2fgKo5wiDxFvoCyLGfdQAAA7h2pIpadqSKWgAA\nAAdzc2gtcnNhAAABAQCezTlzqdPbNOqMX+cEIIm1u0HbBLZx4S9Av9bKA6UzaSqF\nDiBTMwNxBT5RFoye+DGxZDdwFM1uXw9K8jYOrVFhMXuRlpS0gZinaUlK6IBW69fo\nL0D5s3y2MFjoHMLWoxcthoRjIeAfX2no8x2g+QNzo5R9vnWqYwmHqMU+UYbI2LRR\nBbh9wOG/ScFy5jvbhzAx9+QLfDIBpQgsJQ+bnAZMei9zcOBWx6x4/QqxvireDnv8\naRwAZF3VRxgjwibw++RzAd3zR0FzATv81jWwvh6NNdmtfCxHhdx21g7c+JM3tTvk\n/BNtmue6AzaPzqQ4PFYB7Z+AqjnCIPEW+gLIsZ91AAAAAwEAAQAAAQBD2yXFirgA\nXygqO4CXft/ZS97kG6tqFfL/E/pP8CbTRQjqOhMN+ipqTPdH5v7Hnv588nnN5tWx\nZ+U8/SqkMuMnSOGoYFPCne4A+zhaTecpPTXQ/QAistODdj1HUaLf3Gi3B1filEMU\npMy4wcnTUxRqgWeeI5hb6l3UHgXKj0Os5mA2Rf3BZRb9jDccAsxgkifpO7iTigpd\nkCxI5ZxSI7pzKW2x2iHYAvGYICNitOelbfudtBFg8mW5UPaw2/aKOmQjVlQXXhZd\nJGSbrcFM2pSR/pDompC5x/zaGSpLq21U0zlcQbpiUfUsv9cjmO6s9lEt03j3qpSi\n04/43uo5EC6xAAAAgQCBNn27qTQrUTHsy1IZkJ2NpezVJkEI+fOmKQ6plM7E3G6M\nsgkQy3i1YFq81t/o+s4/97rJCdtFt/v+TtuYaUvZYiNjiN62EFr0DoGqceWPpeJG\nTMw87cTMGCW9UyvT9JwThfd1i71elne/GmPHd6YJiLzqOf/uZYumFftsO/37eQAA\nAIEAyQXIbG6Qxw9TL8vxALLneRqDXS60kpLmbpgBQoKuXX6Wmh4JQpB+M9OAWtJJ\n3Q+jRGFmiWK+aZ1+4Esy9xmb9Y52dVGAkW6bbevdTDWrTHLd2wf9td+zYiHFS4SX\n6b1DRm++85ZK6XSbS1M9WaDt+rilztjLyD11pm5E9DguF7MAAACBAMo7bDYWsc0R\n26/RNgXZ1k3cEzUkypE2Q1rbnAULw5pVjPyaaCGKIN48YUROP0xJKBvRbGdZRYEl\njC0m5X0V7lY/5qWJJau1m97QHmuF3JR7zPGG2zgFO7D6zTjAbePMkVll7QUvEXg7\nMdanq1eguyh1OiZ8B7lSR3C4cN6ER1g3AAAAAAEC\n-----END OPENSSH PRIVATE KEY-----\n",
            "private_key_pem": "-----BEGIN RSA PRIVATE KEY-----\nMIIEowIBAAKCAQEAns05c6nT2zTqjF/nBCCJtbtB2wS2ceEvQL/WygOlM2kqhQ4g\nUzMDcQU+URaMnvgxsWQ3cBTNbl8PSvI2Dq1RYTF7kZaUtIGYp2lJSuiAVuvX6C9A\n+bN8tjBY6BzC1qMXLYaEYyHgH19p6PMdoPkDc6OUfb51qmMJh6jFPlGGyNi0UQW4\nfcDhv0nBcuY724cwMffkC3wyAaUILCUPm5wGTHovc3DgVseseP0Ksb4q3g57/Gkc\nAGRd1UcYI8Im8PvkcwHd80dBcwE7/NY1sL4ejTXZrXwsR4XcdtYO3PiTN7U75PwT\nbZrnugM2j86kODxWAe2fgKo5wiDxFvoCyLGfdQIDAQABAoIBAEPbJcWKuABfKCo7\ngJd+39lL3uQbq2oV8v8T+k/wJtNFCOo6Ew36KmpM90fm/see/nzyec3m1bFn5Tz9\nKqQy4ydI4ahgU8Kd7gD7OFpN5yk9NdD9ACKy04N2PUdRot/caLcHV+KUQxSkzLjB\nydNTFGqBZ54jmFvqXdQeBcqPQ6zmYDZF/cFlFv2MNxwCzGCSJ+k7uJOKCl2QLEjl\nnFIjunMpbbHaIdgC8ZggI2K056Vt+520EWDyZblQ9rDb9oo6ZCNWVBdeFl0kZJut\nwUzalJH+kOiakLnH/NoZKkurbVTTOVxBumJR9Sy/1yOY7qz2US3TePeqlKLTj/je\n6jkQLrECgYEAyQXIbG6Qxw9TL8vxALLneRqDXS60kpLmbpgBQoKuXX6Wmh4JQpB+\nM9OAWtJJ3Q+jRGFmiWK+aZ1+4Esy9xmb9Y52dVGAkW6bbevdTDWrTHLd2wf9td+z\nYiHFS4SX6b1DRm++85ZK6XSbS1M9WaDt+rilztjLyD11pm5E9DguF7MCgYEAyjts\nNhaxzRHbr9E2BdnWTdwTNSTKkTZDWtucBQvDmlWM/JpoIYog3jxhRE4/TEkoG9Fs\nZ1lFgSWMLSblfRXuVj/mpYklq7Wb3tAea4XclHvM8YbbOAU7sPrNOMBt48yRWWXt\nBS8ReDsx1qerV6C7KHU6JnwHuVJHcLhw3oRHWDcCgYArQiJSKyzemU6mb3WqV9V1\n+x2ftMhI7nHGBNHolSSem/oeqi4F9AAkePQbFzur5YyVz3v4PpaJNcoyzBvojss/\n+WtGbcaEBVBPRD14A+ib5/AUDVEsjToV+Pxy9tKWCxNqGev2kTYHrP8qI3yFSBtO\nI+QSchbQPWGO8hXGlDxe/wKBgDi1CvXrzTWswUZ+ysA/QjmY8YXgaDDp3181330G\nvHWlcaBPh82H1wmaMsgdjOBOT0HlqpkcTkIVjkYG9yjpImjrCDj4yShqB2gmQbFy\n2tSEFobPgt8lkIRi/3LferD65vMDgsAGX8awCpyfbYtn1bNVk9XAx8WujbvM7FFp\nFDxnAoGBAIE2fbupNCtRMezLUhmQnY2l7NUmQQj586YpDqmUzsTcboyyCRDLeLVg\nWrzW3+j6zj/3uskJ20W3+/5O25hpS9liI2OI3rYQWvQOgapx5Y+l4kZMzDztxMwY\nJb1TK9P0nBOF93WLvV6Wd78aY8d3pgmIvOo5/+5li6YV+2w7/ft5\n-----END RSA PRIVATE KEY-----\n",
            "public_key_fingerprint_md5": "b2:54:0a:9a:e3:e8:b9:d8:2d:95:09:53:01:59:65:46",
            "public_key_fingerprint_sha256": "SHA256:4r6QIh/zUHdhui5mSNIJnEKyggpINfr1a1l+K5Sb+b8",
            "public_key_openssh": "ssh-rsa AAAAB3NzaC1yc2EAAAADAQABAAABAQCezTlzqdPbNOqMX+cEIIm1u0HbBLZx4S9Av9bKA6UzaSqFDiBTMwNxBT5RFoye+DGxZDdwFM1uXw9K8jYOrVFhMXuRlpS0gZinaUlK6IBW69foL0D5s3y2MFjoHMLWoxcthoRjIeAfX2no8x2g+QNzo5R9vnWqYwmHqMU+UYbI2LRRBbh9wOG/ScFy5jvbhzAx9+QLfDIBpQgsJQ+bnAZMei9zcOBWx6x4/QqxvireDnv8aRwAZF3VRxgjwibw++RzAd3zR0FzATv81jWwvh6NNdmtfCxHhdx21g7c+JM3tTvk/BNtmue6AzaPzqQ4PFYB7Z+AqjnCIPEW+gLIsZ91\n",
            "public_key_pem": "-----BEGIN PUBLIC KEY-----\nMIIBIjANBgkqhkiG9w0BAQEFAAOCAQ8AMIIBCgKCAQEAns05c6nT2zTqjF/nBCCJ\ntbtB2wS2ceEvQL/WygOlM2kqhQ4gUzMDcQU+URaMnvgxsWQ3cBTNbl8PSvI2Dq1R\nYTF7kZaUtIGYp2lJSuiAVuvX6C9A+bN8tjBY6BzC1qMXLYaEYyHgH19p6PMdoPkD\nc6OUfb51qmMJh6jFPlGGyNi0UQW4fcDhv0nBcuY724cwMffkC3wyAaUILCUPm5wG\nTHovc3DgVseseP0Ksb4q3g57/GkcAGRd1UcYI8Im8PvkcwHd80dBcwE7/NY1sL4e\njTXZrXwsR4XcdtYO3PiTN7U75PwTbZrnugM2j86kODxWAe2fgKo5wiDxFvoCyLGf\ndQIDAQAB\n-----END PUBLIC KEY-----\n",
            "rsa_bits": 2048
          },
          "sensitive_attributes": [],
          "private": "bnVsbA=="
        }
      ]
    }
  ]
}
