{
  "version": 4,
  "terraform_version": "1.2.4",
  "serial": 14,
  "lineage": "94681fc1-30f5-beb6-ba44-3b5794b621a7",
  "outputs": {
    "awssubnet_info": {
      "value": {
        "awsvpc_subnet_merge_id": [
          "subnet-0df81d59a1f72eef7",
          "subnet-0fe6ffa4ac354dfa9",
          "subnet-0421188b9d9a066bd"
        ],
        "awsvpc_subnet_private_id": {
          "ap-east-1c": "subnet-0421188b9d9a066bd"
        },
        "awsvpc_subnet_public_id": {
          "ap-east-1a": "subnet-0df81d59a1f72eef7",
          "ap-east-1b": "subnet-0fe6ffa4ac354dfa9"
        },
        "vpc_public_rt": {
          "table_private_rt": "rtb-09f860992bfc5bde7",
          "table_public_rt": "rtb-0bf7a6184183d113c",
          "vpc": "vpc-06c5064b6e2a63809"
        }
      },
      "type": [
        "object",
        {
          "awsvpc_subnet_merge_id": [
            "tuple",
            [
              "string",
              "string",
              "string"
            ]
          ],
          "awsvpc_subnet_private_id": [
            "object",
            {
              "ap-east-1c": "string"
            }
          ],
          "awsvpc_subnet_public_id": [
            "object",
            {
              "ap-east-1a": "string",
              "ap-east-1b": "string"
            }
          ],
          "vpc_public_rt": [
            "map",
            "string"
          ]
        }
      ]
    },
    "dev_key": {
      "value": {
        "name": "test-key.pem"
      },
      "type": [
        "object",
        {
          "name": "string"
        }
      ]
    }
  },
  "resources": [
    {
      "module": "module.awsvpc",
      "mode": "data",
      "type": "external",
      "name": "t",
      "provider": "provider[\"registry.terraform.io/hashicorp/external\"]",
      "instances": [
        {
          "schema_version": 0,
          "attributes": {
            "id": "-",
            "program": [
              "sh",
              "../modules/awsvpc/tag.sh"
            ],
            "query": {
              "table_publicrt_id": "rtb-0bf7a6184183d113c",
              "vpc_id": "vpc-06c5064b6e2a63809"
            },
            "result": {
              "table_private_rt": "rtb-09f860992bfc5bde7",
              "table_public_rt": "rtb-0bf7a6184183d113c",
              "vpc": "vpc-06c5064b6e2a63809"
            },
            "working_dir": null
          },
          "sensitive_attributes": []
        }
      ]
    },
    {
      "module": "module.awsvpc",
      "mode": "managed",
      "type": "aws_internet_gateway",
      "name": "name",
      "provider": "provider[\"registry.terraform.io/hashicorp/aws\"]",
      "instances": [
        {
          "schema_version": 0,
          "attributes": {
            "arn": "arn:aws:ec2:ap-east-1:699663064964:internet-gateway/igw-02bf4a048ba86c943",
            "id": "igw-02bf4a048ba86c943",
            "owner_id": "699663064964",
            "tags": {
              "Name": "dev-net"
            },
            "tags_all": {
              "Name": "dev-net"
            },
            "vpc_id": "vpc-06c5064b6e2a63809"
          },
          "sensitive_attributes": [],
          "private": "bnVsbA==",
          "dependencies": [
            "module.awsvpc.aws_vpc.name"
          ]
        }
      ]
    },
    {
      "module": "module.awsvpc",
      "mode": "managed",
      "type": "aws_route_table",
      "name": "public_rt",
      "provider": "provider[\"registry.terraform.io/hashicorp/aws\"]",
      "instances": [
        {
          "schema_version": 0,
          "attributes": {
            "arn": "arn:aws:ec2:ap-east-1:699663064964:route-table/rtb-0bf7a6184183d113c",
            "id": "rtb-0bf7a6184183d113c",
            "owner_id": "699663064964",
            "propagating_vgws": [],
            "route": [
              {
                "carrier_gateway_id": "",
                "cidr_block": "0.0.0.0/0",
                "core_network_arn": "",
                "destination_prefix_list_id": "",
                "egress_only_gateway_id": "",
                "gateway_id": "igw-02bf4a048ba86c943",
                "instance_id": "",
                "ipv6_cidr_block": "",
                "local_gateway_id": "",
                "nat_gateway_id": "",
                "network_interface_id": "",
                "transit_gateway_id": "",
                "vpc_endpoint_id": "",
                "vpc_peering_connection_id": ""
              }
            ],
            "tags": {
              "Name": "publicRouteTable"
            },
            "tags_all": {
              "Name": "publicRouteTable"
            },
            "timeouts": null,
            "vpc_id": "vpc-06c5064b6e2a63809"
          },
          "sensitive_attributes": [],
          "private": "eyJlMmJmYjczMC1lY2FhLTExZTYtOGY4OC0zNDM2M2JjN2M0YzAiOnsiY3JlYXRlIjozMDAwMDAwMDAwMDAsImRlbGV0ZSI6MzAwMDAwMDAwMDAwLCJ1cGRhdGUiOjEyMDAwMDAwMDAwMH19",
          "dependencies": [
            "module.awsvpc.aws_internet_gateway.name",
            "module.awsvpc.aws_vpc.name"
          ]
        }
      ]
    },
    {
      "module": "module.awsvpc",
      "mode": "managed",
      "type": "aws_route_table_association",
      "name": "a",
      "provider": "provider[\"registry.terraform.io/hashicorp/aws\"]",
      "instances": [
        {
          "index_key": 0,
          "schema_version": 0,
          "attributes": {
            "gateway_id": "",
            "id": "rtbassoc-05342e7de5ecab6ff",
            "route_table_id": "rtb-0bf7a6184183d113c",
            "subnet_id": "subnet-0df81d59a1f72eef7"
          },
          "sensitive_attributes": [],
          "private": "bnVsbA==",
          "dependencies": [
            "module.awsvpc.aws_internet_gateway.name",
            "module.awsvpc.aws_route_table.public_rt",
            "module.awsvpc.aws_subnet.public",
            "module.awsvpc.aws_vpc.name"
          ]
        },
        {
          "index_key": 1,
          "schema_version": 0,
          "attributes": {
            "gateway_id": "",
            "id": "rtbassoc-007a04fd12850c089",
            "route_table_id": "rtb-0bf7a6184183d113c",
            "subnet_id": "subnet-0fe6ffa4ac354dfa9"
          },
          "sensitive_attributes": [],
          "private": "bnVsbA==",
          "dependencies": [
            "module.awsvpc.aws_internet_gateway.name",
            "module.awsvpc.aws_route_table.public_rt",
            "module.awsvpc.aws_subnet.public",
            "module.awsvpc.aws_vpc.name"
          ]
        }
      ]
    },
    {
      "module": "module.awsvpc",
      "mode": "managed",
      "type": "aws_route_table_association",
      "name": "private",
      "provider": "provider[\"registry.terraform.io/hashicorp/aws\"]",
      "instances": [
        {
          "index_key": 0,
          "schema_version": 0,
          "attributes": {
            "gateway_id": "",
            "id": "rtbassoc-06e12b76ce33d2dce",
            "route_table_id": "rtb-09f860992bfc5bde7",
            "subnet_id": "subnet-0421188b9d9a066bd"
          },
          "sensitive_attributes": [],
          "private": "bnVsbA==",
          "dependencies": [
            "module.awsvpc.aws_internet_gateway.name",
            "module.awsvpc.aws_route_table.public_rt",
            "module.awsvpc.aws_subnet.private",
            "module.awsvpc.aws_vpc.name",
            "module.awsvpc.data.external.t"
          ]
        }
      ]
    },
    {
      "module": "module.awsvpc",
      "mode": "managed",
      "type": "aws_subnet",
      "name": "private",
      "provider": "provider[\"registry.terraform.io/hashicorp/aws\"]",
      "instances": [
        {
          "index_key": "ap-east-1c",
          "schema_version": 1,
          "attributes": {
            "arn": "arn:aws:ec2:ap-east-1:699663064964:subnet/subnet-0421188b9d9a066bd",
            "assign_ipv6_address_on_creation": false,
            "availability_zone": "ap-east-1c",
            "availability_zone_id": "ape1-az3",
            "cidr_block": "10.0.3.0/24",
            "customer_owned_ipv4_pool": "",
            "enable_dns64": false,
            "enable_resource_name_dns_a_record_on_launch": false,
            "enable_resource_name_dns_aaaa_record_on_launch": false,
            "id": "subnet-0421188b9d9a066bd",
            "ipv6_cidr_block": "",
            "ipv6_cidr_block_association_id": "",
            "ipv6_native": false,
            "map_customer_owned_ip_on_launch": false,
            "map_public_ip_on_launch": false,
            "outpost_arn": "",
            "owner_id": "699663064964",
            "private_dns_hostname_type_on_launch": "ip-name",
            "tags": {
              "Name": "private-subnet-ap-east-1c"
            },
            "tags_all": {
              "Name": "private-subnet-ap-east-1c"
            },
            "timeouts": null,
            "vpc_id": "vpc-06c5064b6e2a63809"
          },
          "sensitive_attributes": [],
          "private": "eyJlMmJmYjczMC1lY2FhLTExZTYtOGY4OC0zNDM2M2JjN2M0YzAiOnsiY3JlYXRlIjo2MDAwMDAwMDAwMDAsImRlbGV0ZSI6MTIwMDAwMDAwMDAwMH0sInNjaGVtYV92ZXJzaW9uIjoiMSJ9",
          "dependencies": [
            "module.awsvpc.aws_vpc.name"
          ]
        }
      ]
    },
    {
      "module": "module.awsvpc",
      "mode": "managed",
      "type": "aws_subnet",
      "name": "public",
      "provider": "provider[\"registry.terraform.io/hashicorp/aws\"]",
      "instances": [
        {
          "index_key": "ap-east-1a",
          "schema_version": 1,
          "attributes": {
            "arn": "arn:aws:ec2:ap-east-1:699663064964:subnet/subnet-0df81d59a1f72eef7",
            "assign_ipv6_address_on_creation": false,
            "availability_zone": "ap-east-1a",
            "availability_zone_id": "ape1-az1",
            "cidr_block": "10.0.1.0/24",
            "customer_owned_ipv4_pool": "",
            "enable_dns64": false,
            "enable_resource_name_dns_a_record_on_launch": false,
            "enable_resource_name_dns_aaaa_record_on_launch": false,
            "id": "subnet-0df81d59a1f72eef7",
            "ipv6_cidr_block": "",
            "ipv6_cidr_block_association_id": "",
            "ipv6_native": false,
            "map_customer_owned_ip_on_launch": false,
            "map_public_ip_on_launch": true,
            "outpost_arn": "",
            "owner_id": "699663064964",
            "private_dns_hostname_type_on_launch": "ip-name",
            "tags": {
              "Name": "public-subnet-ap-east-1a"
            },
            "tags_all": {
              "Name": "public-subnet-ap-east-1a"
            },
            "timeouts": null,
            "vpc_id": "vpc-06c5064b6e2a63809"
          },
          "sensitive_attributes": [],
          "private": "eyJlMmJmYjczMC1lY2FhLTExZTYtOGY4OC0zNDM2M2JjN2M0YzAiOnsiY3JlYXRlIjo2MDAwMDAwMDAwMDAsImRlbGV0ZSI6MTIwMDAwMDAwMDAwMH0sInNjaGVtYV92ZXJzaW9uIjoiMSJ9",
          "dependencies": [
            "module.awsvpc.aws_vpc.name"
          ]
        },
        {
          "index_key": "ap-east-1b",
          "schema_version": 1,
          "attributes": {
            "arn": "arn:aws:ec2:ap-east-1:699663064964:subnet/subnet-0fe6ffa4ac354dfa9",
            "assign_ipv6_address_on_creation": false,
            "availability_zone": "ap-east-1b",
            "availability_zone_id": "ape1-az2",
            "cidr_block": "10.0.2.0/24",
            "customer_owned_ipv4_pool": "",
            "enable_dns64": false,
            "enable_resource_name_dns_a_record_on_launch": false,
            "enable_resource_name_dns_aaaa_record_on_launch": false,
            "id": "subnet-0fe6ffa4ac354dfa9",
            "ipv6_cidr_block": "",
            "ipv6_cidr_block_association_id": "",
            "ipv6_native": false,
            "map_customer_owned_ip_on_launch": false,
            "map_public_ip_on_launch": true,
            "outpost_arn": "",
            "owner_id": "699663064964",
            "private_dns_hostname_type_on_launch": "ip-name",
            "tags": {
              "Name": "public-subnet-ap-east-1b"
            },
            "tags_all": {
              "Name": "public-subnet-ap-east-1b"
            },
            "timeouts": null,
            "vpc_id": "vpc-06c5064b6e2a63809"
          },
          "sensitive_attributes": [],
          "private": "eyJlMmJmYjczMC1lY2FhLTExZTYtOGY4OC0zNDM2M2JjN2M0YzAiOnsiY3JlYXRlIjo2MDAwMDAwMDAwMDAsImRlbGV0ZSI6MTIwMDAwMDAwMDAwMH0sInNjaGVtYV92ZXJzaW9uIjoiMSJ9",
          "dependencies": [
            "module.awsvpc.aws_vpc.name"
          ]
        }
      ]
    },
    {
      "module": "module.awsvpc",
      "mode": "managed",
      "type": "aws_vpc",
      "name": "name",
      "provider": "provider[\"registry.terraform.io/hashicorp/aws\"]",
      "instances": [
        {
          "schema_version": 1,
          "attributes": {
            "arn": "arn:aws:ec2:ap-east-1:699663064964:vpc/vpc-06c5064b6e2a63809",
            "assign_generated_ipv6_cidr_block": false,
            "cidr_block": "10.0.0.0/16",
            "default_network_acl_id": "acl-0f71384e2634bd8cb",
            "default_route_table_id": "rtb-09f860992bfc5bde7",
            "default_security_group_id": "sg-05c21fd6a757658dd",
            "dhcp_options_id": "dopt-37a8465e",
            "enable_classiclink": false,
            "enable_classiclink_dns_support": false,
            "enable_dns_hostnames": true,
            "enable_dns_support": true,
            "id": "vpc-06c5064b6e2a63809",
            "instance_tenancy": "default",
            "ipv4_ipam_pool_id": null,
            "ipv4_netmask_length": null,
            "ipv6_association_id": "",
            "ipv6_cidr_block": "",
            "ipv6_cidr_block_network_border_group": "",
            "ipv6_ipam_pool_id": "",
            "ipv6_netmask_length": 0,
            "main_route_table_id": "rtb-09f860992bfc5bde7",
            "owner_id": "699663064964",
            "tags": {
              "Name": "dev-net"
            },
            "tags_all": {
              "Name": "dev-net"
            }
          },
          "sensitive_attributes": [],
          "private": "eyJzY2hlbWFfdmVyc2lvbiI6IjEifQ=="
        }
      ]
    },
    {
      "module": "module.key",
      "mode": "managed",
      "type": "aws_key_pair",
      "name": "public_key",
      "provider": "provider[\"registry.terraform.io/hashicorp/aws\"]",
      "instances": [
        {
          "schema_version": 1,
          "attributes": {
            "arn": "arn:aws:ec2:ap-east-1:699663064964:key-pair/test-key.pem",
            "fingerprint": "1d:c8:c1:e2:2f:9e:37:1a:b2:c3:ec:d2:f3:cc:f8:53",
            "id": "test-key.pem",
            "key_name": "test-key.pem",
            "key_name_prefix": "",
            "key_pair_id": "key-0dabb67c3130204e9",
            "public_key": "ssh-rsa AAAAB3NzaC1yc2EAAAADAQABAAABAQC4s+c6IL3oA/1a46ic5Sf3M42wH1MwrBAMKEUsrtHfvqgG7EGXGchazlR6USXIduxCT7Qn4yL1361jP2+lFAgdi6jkmrvk8deb96xIbZ8Xdu+tePnwBq7moU2sWS5IoVVhzaW7mBL4QA3/qgPDUhcXPGLUzUDTsMvnMoApGwucyXgo5JXhj4Y5q7h12QRhOdBycSVuvRWFRygiwczA8964EbTYpOVhD/1U5X5DfasXnX3V1ekiXxucGnIxWIcqgA7p1cqXSV4FVFcEvnl66ds2khJW7EuYWpwGDoLFoMDmpc4VNfQ5AGxE3UPFylhLocmY8C2moJmLSgG240Vxq5cH",
            "tags": null,
            "tags_all": {}
          },
          "sensitive_attributes": [],
          "private": "eyJzY2hlbWFfdmVyc2lvbiI6IjEifQ==",
          "dependencies": [
            "module.key.tls_private_key.key"
          ]
        }
      ]
    },
    {
      "module": "module.key",
      "mode": "managed",
      "type": "local_file",
      "name": "priavte_key",
      "provider": "provider[\"registry.terraform.io/hashicorp/local\"]",
      "instances": [
        {
          "schema_version": 0,
          "attributes": {
            "content": "-----BEGIN RSA PRIVATE KEY-----\nMIIEpgIBAAKCAQEAuLPnOiC96AP9WuOonOUn9zONsB9TMKwQDChFLK7R376oBuxB\nlxnIWs5UelElyHbsQk+0J+Mi9d+tYz9vpRQIHYuo5Jq75PHXm/esSG2fF3bvrXj5\n8Aau5qFNrFkuSKFVYc2lu5gS+EAN/6oDw1IXFzxi1M1A07DL5zKAKRsLnMl4KOSV\n4Y+GOau4ddkEYTnQcnElbr0VhUcoIsHMwPPeuBG02KTlYQ/9VOV+Q32rF5191dXp\nIl8bnBpyMViHKoAO6dXKl0leBVRXBL55eunbNpISVuxLmFqcBg6CxaDA5qXOFTX0\nOQBsRN1DxcpYS6HJmPAtpqCZi0oBtuNFcauXBwIDAQABAoIBAQCWeAkxc6cCMu3d\nc4XTe2QZoOgWyQ4uop3YKZ5hDnJvwpSEP0gX3qs4PsrXcvBC5Y8HXoM303SRtY09\nQ1qiszUBTNtkkSHtG5A4wYaa4qMurHgJbHrBLdCilln+xBBOnxA9wxj3QKaDkztU\nQp8aKfAhv9IL5sKfMnKKgLujwSKusJXh1ABKtlOM+o+lJphlnVfjG1dMI8TBPP9L\neKZP6A2KTbCm38iUXhx4+klZNzt4SwM2uwUGwycX9g8uVTI4ewpwMeU+fKPMGuRF\n3nxVvJZW9FuP1fVs0f60uA1M143aCMII39cYlgY09yqF5P0e5gPW5liMc2YacKyo\noNXPXozhAoGBAMEKg039RoH91tblOtU90zQ0JYlhyw2OzxeHeWo9rYQ3KLnoPvRm\njpqLdw8BaCYdw2U8jostJ51fQvoxmi6LqO/evrwm2YbhFvHd2uBTbnsLdlmWEO4b\nUFiwFk6qyr2pH/KaglmMsSA3vBlIgSYBtrVT6actF5VkPNtyLtUrpr//AoGBAPTx\nM/V0TVIzxBiQWSY1i8XygE27qqtFvVRbORv6IRIs7RveJY7V76e0HoL1P2n+Fpwz\ncYZmLxLukt4K09p8u590XYtQ3iaPkNCo3Z9xrvft6ZCDeY17UROTPDbhr6tVHtfg\nE3lCmIzCMqGoKhAj1Ong1wA2rOEkEyW+iUXRhSj5AoGBAKTmRRnm5EcAvngdoq8r\nu/IZJYOArUKsnkz8JgRSIZoSwFBmividbu2nexGvYvdEb3hYTW+oJ/HvwTgWDR37\noVkeTpJNIX5tYvtDR8henL6xIO0QGvA7FtxbtwKGNN/ky+yiffzfCSN7WMvEOsZr\nqlalErAC/eVYlf/jPwxL2IqjAoGBAKzr182yRKAC0a6xwW47ISkm8TNviKaPfoEe\nQawhotVNCDvDUeqL2Dwh6eR0NUejzNyLaNsEKrmH2gGNzVCS/HYu1Zd0CNFaS1cz\nz/ovbOG1gU23s8mRRIS4TitEmxsu5a5rj/Pscvv0YYBE0yU/1qEiTUbmUphDOo1L\n/Wdf6k0pAoGBAKXIz/x3idqM00UXzNyE1sM2fivHk6uMKRyhov6Dhh3JsI0lPUBI\nY6yolbar1TyLHP7+hNwr85ivsAKEz0SprcRPSP60hFqOzaLVT1qOQxi7vBDyw+jO\nLq8ibBxb/BNSNLjUV9NFm3OfKBHcJk7TQVvH4j3CMEzkTO8JgKufcCLY\n-----END RSA PRIVATE KEY-----\n",
            "content_base64": null,
            "directory_permission": "0777",
            "file_permission": "0777",
            "filename": "test-key.pem",
            "id": "7c130d4bb556e8590a634a3cd15f3556cddd4b22",
            "sensitive_content": null,
            "source": null
          },
          "sensitive_attributes": [
            [
              {
                "type": "get_attr",
                "value": "content"
              }
            ]
          ],
          "private": "bnVsbA==",
          "dependencies": [
            "module.key.tls_private_key.key"
          ]
        }
      ]
    },
    {
      "module": "module.key",
      "mode": "managed",
      "type": "tls_private_key",
      "name": "key",
      "provider": "provider[\"registry.terraform.io/hashicorp/tls\"]",
      "instances": [
        {
          "schema_version": 0,
          "attributes": {
            "algorithm": "RSA",
            "ecdsa_curve": "P224",
            "id": "7f3eea655560e942d224bf44b49656bb33c44e59",
            "private_key_openssh": "-----BEGIN OPENSSH PRIVATE KEY-----\nb3BlbnNzaC1rZXktdjEAAAAABG5vbmUAAAAEbm9uZQAAAAAAAAABAAABFwAAAAdz\nc2gtcnNhAAAAAwEAAQAAAQEAuLPnOiC96AP9WuOonOUn9zONsB9TMKwQDChFLK7R\n376oBuxBlxnIWs5UelElyHbsQk+0J+Mi9d+tYz9vpRQIHYuo5Jq75PHXm/esSG2f\nF3bvrXj58Aau5qFNrFkuSKFVYc2lu5gS+EAN/6oDw1IXFzxi1M1A07DL5zKAKRsL\nnMl4KOSV4Y+GOau4ddkEYTnQcnElbr0VhUcoIsHMwPPeuBG02KTlYQ/9VOV+Q32r\nF5191dXpIl8bnBpyMViHKoAO6dXKl0leBVRXBL55eunbNpISVuxLmFqcBg6CxaDA\n5qXOFTX0OQBsRN1DxcpYS6HJmPAtpqCZi0oBtuNFcauXBwAAA7jLz/smy8/7JgAA\nAAdzc2gtcnNhAAABAQC4s+c6IL3oA/1a46ic5Sf3M42wH1MwrBAMKEUsrtHfvqgG\n7EGXGchazlR6USXIduxCT7Qn4yL1361jP2+lFAgdi6jkmrvk8deb96xIbZ8Xdu+t\nePnwBq7moU2sWS5IoVVhzaW7mBL4QA3/qgPDUhcXPGLUzUDTsMvnMoApGwucyXgo\n5JXhj4Y5q7h12QRhOdBycSVuvRWFRygiwczA8964EbTYpOVhD/1U5X5DfasXnX3V\n1ekiXxucGnIxWIcqgA7p1cqXSV4FVFcEvnl66ds2khJW7EuYWpwGDoLFoMDmpc4V\nNfQ5AGxE3UPFylhLocmY8C2moJmLSgG240Vxq5cHAAAAAwEAAQAAAQEAlngJMXOn\nAjLt3XOF03tkGaDoFskOLqKd2CmeYQ5yb8KUhD9IF96rOD7K13LwQuWPB16DN9N0\nkbWNPUNaorM1AUzbZJEh7RuQOMGGmuKjLqx4CWx6wS3QopZZ/sQQTp8QPcMY90Cm\ng5M7VEKfGinwIb/SC+bCnzJyioC7o8EirrCV4dQASrZTjPqPpSaYZZ1X4xtXTCPE\nwTz/S3imT+gNik2wpt/IlF4cePpJWTc7eEsDNrsFBsMnF/YPLlUyOHsKcDHlPnyj\nzBrkRd58VbyWVvRbj9X1bNH+tLgNTNeN2gjCCN/XGJYGNPcqheT9HuYD1uZYjHNm\nGnCsqKDVz16M4QAAAIEApcjP/HeJ2ozTRRfM3ITWwzZ+K8eTq4wpHKGi/oOGHcmw\njSU9QEhjrKiVtqvVPIsc/v6E3CvzmK+wAoTPRKmtxE9I/rSEWo7NotVPWo5DGLu8\nEPLD6M4uryJsHFv8E1I0uNRX00Wbc58oEdwmTtNBW8fiPcIwTORM7wmAq59wItgA\nAACBAMEKg039RoH91tblOtU90zQ0JYlhyw2OzxeHeWo9rYQ3KLnoPvRmjpqLdw8B\naCYdw2U8jostJ51fQvoxmi6LqO/evrwm2YbhFvHd2uBTbnsLdlmWEO4bUFiwFk6q\nyr2pH/KaglmMsSA3vBlIgSYBtrVT6actF5VkPNtyLtUrpr//AAAAgQD08TP1dE1S\nM8QYkFkmNYvF8oBNu6qrRb1UWzkb+iESLO0b3iWO1e+ntB6C9T9p/hacM3GGZi8S\n7pLeCtPafLufdF2LUN4mj5DQqN2fca737emQg3mNe1ETkzw24a+rVR7X4BN5QpiM\nwjKhqCoQI9Tp4NcANqzhJBMlvolF0YUo+QAAAAAB\n-----END OPENSSH PRIVATE KEY-----\n",
            "private_key_pem": "-----BEGIN RSA PRIVATE KEY-----\nMIIEpgIBAAKCAQEAuLPnOiC96AP9WuOonOUn9zONsB9TMKwQDChFLK7R376oBuxB\nlxnIWs5UelElyHbsQk+0J+Mi9d+tYz9vpRQIHYuo5Jq75PHXm/esSG2fF3bvrXj5\n8Aau5qFNrFkuSKFVYc2lu5gS+EAN/6oDw1IXFzxi1M1A07DL5zKAKRsLnMl4KOSV\n4Y+GOau4ddkEYTnQcnElbr0VhUcoIsHMwPPeuBG02KTlYQ/9VOV+Q32rF5191dXp\nIl8bnBpyMViHKoAO6dXKl0leBVRXBL55eunbNpISVuxLmFqcBg6CxaDA5qXOFTX0\nOQBsRN1DxcpYS6HJmPAtpqCZi0oBtuNFcauXBwIDAQABAoIBAQCWeAkxc6cCMu3d\nc4XTe2QZoOgWyQ4uop3YKZ5hDnJvwpSEP0gX3qs4PsrXcvBC5Y8HXoM303SRtY09\nQ1qiszUBTNtkkSHtG5A4wYaa4qMurHgJbHrBLdCilln+xBBOnxA9wxj3QKaDkztU\nQp8aKfAhv9IL5sKfMnKKgLujwSKusJXh1ABKtlOM+o+lJphlnVfjG1dMI8TBPP9L\neKZP6A2KTbCm38iUXhx4+klZNzt4SwM2uwUGwycX9g8uVTI4ewpwMeU+fKPMGuRF\n3nxVvJZW9FuP1fVs0f60uA1M143aCMII39cYlgY09yqF5P0e5gPW5liMc2YacKyo\noNXPXozhAoGBAMEKg039RoH91tblOtU90zQ0JYlhyw2OzxeHeWo9rYQ3KLnoPvRm\njpqLdw8BaCYdw2U8jostJ51fQvoxmi6LqO/evrwm2YbhFvHd2uBTbnsLdlmWEO4b\nUFiwFk6qyr2pH/KaglmMsSA3vBlIgSYBtrVT6actF5VkPNtyLtUrpr//AoGBAPTx\nM/V0TVIzxBiQWSY1i8XygE27qqtFvVRbORv6IRIs7RveJY7V76e0HoL1P2n+Fpwz\ncYZmLxLukt4K09p8u590XYtQ3iaPkNCo3Z9xrvft6ZCDeY17UROTPDbhr6tVHtfg\nE3lCmIzCMqGoKhAj1Ong1wA2rOEkEyW+iUXRhSj5AoGBAKTmRRnm5EcAvngdoq8r\nu/IZJYOArUKsnkz8JgRSIZoSwFBmividbu2nexGvYvdEb3hYTW+oJ/HvwTgWDR37\noVkeTpJNIX5tYvtDR8henL6xIO0QGvA7FtxbtwKGNN/ky+yiffzfCSN7WMvEOsZr\nqlalErAC/eVYlf/jPwxL2IqjAoGBAKzr182yRKAC0a6xwW47ISkm8TNviKaPfoEe\nQawhotVNCDvDUeqL2Dwh6eR0NUejzNyLaNsEKrmH2gGNzVCS/HYu1Zd0CNFaS1cz\nz/ovbOG1gU23s8mRRIS4TitEmxsu5a5rj/Pscvv0YYBE0yU/1qEiTUbmUphDOo1L\n/Wdf6k0pAoGBAKXIz/x3idqM00UXzNyE1sM2fivHk6uMKRyhov6Dhh3JsI0lPUBI\nY6yolbar1TyLHP7+hNwr85ivsAKEz0SprcRPSP60hFqOzaLVT1qOQxi7vBDyw+jO\nLq8ibBxb/BNSNLjUV9NFm3OfKBHcJk7TQVvH4j3CMEzkTO8JgKufcCLY\n-----END RSA PRIVATE KEY-----\n",
            "public_key_fingerprint_md5": "80:b6:04:b6:5d:b2:67:a1:35:18:d0:a9:0a:50:f7:c1",
            "public_key_fingerprint_sha256": "SHA256:8O0EpDewq3e3Un50HAq0U0PGJNVrLQVscW/E1pPHwuk",
            "public_key_openssh": "ssh-rsa AAAAB3NzaC1yc2EAAAADAQABAAABAQC4s+c6IL3oA/1a46ic5Sf3M42wH1MwrBAMKEUsrtHfvqgG7EGXGchazlR6USXIduxCT7Qn4yL1361jP2+lFAgdi6jkmrvk8deb96xIbZ8Xdu+tePnwBq7moU2sWS5IoVVhzaW7mBL4QA3/qgPDUhcXPGLUzUDTsMvnMoApGwucyXgo5JXhj4Y5q7h12QRhOdBycSVuvRWFRygiwczA8964EbTYpOVhD/1U5X5DfasXnX3V1ekiXxucGnIxWIcqgA7p1cqXSV4FVFcEvnl66ds2khJW7EuYWpwGDoLFoMDmpc4VNfQ5AGxE3UPFylhLocmY8C2moJmLSgG240Vxq5cH\n",
            "public_key_pem": "-----BEGIN PUBLIC KEY-----\nMIIBIjANBgkqhkiG9w0BAQEFAAOCAQ8AMIIBCgKCAQEAuLPnOiC96AP9WuOonOUn\n9zONsB9TMKwQDChFLK7R376oBuxBlxnIWs5UelElyHbsQk+0J+Mi9d+tYz9vpRQI\nHYuo5Jq75PHXm/esSG2fF3bvrXj58Aau5qFNrFkuSKFVYc2lu5gS+EAN/6oDw1IX\nFzxi1M1A07DL5zKAKRsLnMl4KOSV4Y+GOau4ddkEYTnQcnElbr0VhUcoIsHMwPPe\nuBG02KTlYQ/9VOV+Q32rF5191dXpIl8bnBpyMViHKoAO6dXKl0leBVRXBL55eunb\nNpISVuxLmFqcBg6CxaDA5qXOFTX0OQBsRN1DxcpYS6HJmPAtpqCZi0oBtuNFcauX\nBwIDAQAB\n-----END PUBLIC KEY-----\n",
            "rsa_bits": 2048
          },
          "sensitive_attributes": [],
          "private": "bnVsbA=="
        }
      ]
    }
  ]
}
