{
  "version": 4,
  "terraform_version": "1.2.3",
  "serial": 863,
  "lineage": "c9def583-a424-536a-57ec-34166c0ae5e6",
  "outputs": {
    "awssubnet_id": {
      "value": {
        "awsvpc_subnetid": [
          {
            "ap-east-1a": "subnet-0121c6d2e9e59bbc6",
            "ap-east-1b": "subnet-0edaa0759159315e7"
          },
          {
            "ap-east-1c": "subnet-04b95548826a495b9"
          }
        ],
        "vpc_public_rt": {
          "table": "rtb-0b0c08184dbb428df",
          "vpc": "vpc-0fd770c4d8e858c91"
        }
      },
      "type": [
        "object",
        {
          "awsvpc_subnetid": [
            "list",
            [
              "map",
              "string"
            ]
          ],
          "vpc_public_rt": [
            "map",
            "string"
          ]
        }
      ]
    },
    "vpc_ids": {
      "value": {
        "name": "test-key.pem"
      },
      "type": [
        "object",
        {
          "name": "string"
        }
      ]
    }
  },
  "resources": [
    {
      "module": "module.awsvpc",
      "mode": "data",
      "type": "external",
      "name": "t",
      "provider": "provider[\"registry.terraform.io/hashicorp/external\"]",
      "instances": [
        {
          "schema_version": 0,
          "attributes": {
            "id": "-",
            "program": [
              "sh",
              "../modules/awsvpc/tag.sh"
            ],
            "query": {
              "table_publicrt_id": "rtb-0b0c08184dbb428df",
              "vpc_id": "vpc-0fd770c4d8e858c91"
            },
            "result": {
              "table": "rtb-0b0c08184dbb428df",
              "vpc": "vpc-0fd770c4d8e858c91"
            },
            "working_dir": null
          },
          "sensitive_attributes": []
        }
      ]
    },
    {
      "module": "module.awsvpc",
      "mode": "managed",
      "type": "aws_internet_gateway",
      "name": "name",
      "provider": "provider[\"registry.terraform.io/hashicorp/aws\"]",
      "instances": [
        {
          "schema_version": 0,
          "attributes": {
            "arn": "arn:aws:ec2:ap-east-1:699663064964:internet-gateway/igw-0388b3290e7275fd3",
            "id": "igw-0388b3290e7275fd3",
            "owner_id": "699663064964",
            "tags": {
              "Name": "dev-net"
            },
            "tags_all": {
              "Name": "dev-net"
            },
            "vpc_id": "vpc-0fd770c4d8e858c91"
          },
          "sensitive_attributes": [],
          "private": "bnVsbA==",
          "dependencies": [
            "module.awsvpc.aws_vpc.name"
          ]
        }
      ]
    },
    {
      "module": "module.awsvpc",
      "mode": "managed",
      "type": "aws_route_table",
      "name": "public_rt",
      "provider": "provider[\"registry.terraform.io/hashicorp/aws\"]",
      "instances": [
        {
          "schema_version": 0,
          "attributes": {
            "arn": "arn:aws:ec2:ap-east-1:699663064964:route-table/rtb-0b0c08184dbb428df",
            "id": "rtb-0b0c08184dbb428df",
            "owner_id": "699663064964",
            "propagating_vgws": [],
            "route": [
              {
                "carrier_gateway_id": "",
                "cidr_block": "0.0.0.0/0",
                "core_network_arn": "",
                "destination_prefix_list_id": "",
                "egress_only_gateway_id": "",
                "gateway_id": "igw-0388b3290e7275fd3",
                "instance_id": "",
                "ipv6_cidr_block": "",
                "local_gateway_id": "",
                "nat_gateway_id": "",
                "network_interface_id": "",
                "transit_gateway_id": "",
                "vpc_endpoint_id": "",
                "vpc_peering_connection_id": ""
              }
            ],
            "tags": {
              "Name": "publicRouteTable"
            },
            "tags_all": {
              "Name": "publicRouteTable"
            },
            "timeouts": null,
            "vpc_id": "vpc-0fd770c4d8e858c91"
          },
          "sensitive_attributes": [],
          "private": "eyJlMmJmYjczMC1lY2FhLTExZTYtOGY4OC0zNDM2M2JjN2M0YzAiOnsiY3JlYXRlIjozMDAwMDAwMDAwMDAsImRlbGV0ZSI6MzAwMDAwMDAwMDAwLCJ1cGRhdGUiOjEyMDAwMDAwMDAwMH19",
          "dependencies": [
            "module.awsvpc.aws_internet_gateway.name",
            "module.awsvpc.aws_vpc.name"
          ]
        }
      ]
    },
    {
      "module": "module.awsvpc",
      "mode": "managed",
      "type": "aws_route_table_association",
      "name": "a",
      "provider": "provider[\"registry.terraform.io/hashicorp/aws\"]",
      "instances": [
        {
          "index_key": 0,
          "schema_version": 0,
          "attributes": {
            "gateway_id": "",
            "id": "rtbassoc-079ece667aa848a3f",
            "route_table_id": "rtb-0b0c08184dbb428df",
            "subnet_id": "subnet-0121c6d2e9e59bbc6"
          },
          "sensitive_attributes": [],
          "private": "bnVsbA==",
          "dependencies": [
            "module.awsvpc.aws_internet_gateway.name",
            "module.awsvpc.aws_route_table.public_rt",
            "module.awsvpc.aws_subnet.public",
            "module.awsvpc.aws_vpc.name"
          ]
        },
        {
          "index_key": 1,
          "schema_version": 0,
          "attributes": {
            "gateway_id": "",
            "id": "rtbassoc-0a0ec8f6ec75076b9",
            "route_table_id": "rtb-0b0c08184dbb428df",
            "subnet_id": "subnet-0edaa0759159315e7"
          },
          "sensitive_attributes": [],
          "private": "bnVsbA==",
          "dependencies": [
            "module.awsvpc.aws_internet_gateway.name",
            "module.awsvpc.aws_route_table.public_rt",
            "module.awsvpc.aws_subnet.public",
            "module.awsvpc.aws_vpc.name"
          ]
        }
      ]
    },
    {
      "module": "module.awsvpc",
      "mode": "managed",
      "type": "aws_subnet",
      "name": "private",
      "provider": "provider[\"registry.terraform.io/hashicorp/aws\"]",
      "instances": [
        {
          "index_key": "ap-east-1c",
          "schema_version": 1,
          "attributes": {
            "arn": "arn:aws:ec2:ap-east-1:699663064964:subnet/subnet-04b95548826a495b9",
            "assign_ipv6_address_on_creation": false,
            "availability_zone": "ap-east-1c",
            "availability_zone_id": "ape1-az3",
            "cidr_block": "10.0.3.0/24",
            "customer_owned_ipv4_pool": "",
            "enable_dns64": false,
            "enable_resource_name_dns_a_record_on_launch": false,
            "enable_resource_name_dns_aaaa_record_on_launch": false,
            "id": "subnet-04b95548826a495b9",
            "ipv6_cidr_block": "",
            "ipv6_cidr_block_association_id": "",
            "ipv6_native": false,
            "map_customer_owned_ip_on_launch": false,
            "map_public_ip_on_launch": false,
            "outpost_arn": "",
            "owner_id": "699663064964",
            "private_dns_hostname_type_on_launch": "ip-name",
            "tags": {
              "Name": "private-subnet-ap-east-1c"
            },
            "tags_all": {
              "Name": "private-subnet-ap-east-1c"
            },
            "timeouts": null,
            "vpc_id": "vpc-0fd770c4d8e858c91"
          },
          "sensitive_attributes": [],
          "private": "eyJlMmJmYjczMC1lY2FhLTExZTYtOGY4OC0zNDM2M2JjN2M0YzAiOnsiY3JlYXRlIjo2MDAwMDAwMDAwMDAsImRlbGV0ZSI6MTIwMDAwMDAwMDAwMH0sInNjaGVtYV92ZXJzaW9uIjoiMSJ9",
          "dependencies": [
            "module.awsvpc.aws_vpc.name"
          ]
        }
      ]
    },
    {
      "module": "module.awsvpc",
      "mode": "managed",
      "type": "aws_subnet",
      "name": "public",
      "provider": "provider[\"registry.terraform.io/hashicorp/aws\"]",
      "instances": [
        {
          "index_key": "ap-east-1a",
          "schema_version": 1,
          "attributes": {
            "arn": "arn:aws:ec2:ap-east-1:699663064964:subnet/subnet-0121c6d2e9e59bbc6",
            "assign_ipv6_address_on_creation": false,
            "availability_zone": "ap-east-1a",
            "availability_zone_id": "ape1-az1",
            "cidr_block": "10.0.1.0/24",
            "customer_owned_ipv4_pool": "",
            "enable_dns64": false,
            "enable_resource_name_dns_a_record_on_launch": false,
            "enable_resource_name_dns_aaaa_record_on_launch": false,
            "id": "subnet-0121c6d2e9e59bbc6",
            "ipv6_cidr_block": "",
            "ipv6_cidr_block_association_id": "",
            "ipv6_native": false,
            "map_customer_owned_ip_on_launch": false,
            "map_public_ip_on_launch": true,
            "outpost_arn": "",
            "owner_id": "699663064964",
            "private_dns_hostname_type_on_launch": "ip-name",
            "tags": {
              "Name": "public-subnet-ap-east-1a"
            },
            "tags_all": {
              "Name": "public-subnet-ap-east-1a"
            },
            "timeouts": null,
            "vpc_id": "vpc-0fd770c4d8e858c91"
          },
          "sensitive_attributes": [],
          "private": "eyJlMmJmYjczMC1lY2FhLTExZTYtOGY4OC0zNDM2M2JjN2M0YzAiOnsiY3JlYXRlIjo2MDAwMDAwMDAwMDAsImRlbGV0ZSI6MTIwMDAwMDAwMDAwMH0sInNjaGVtYV92ZXJzaW9uIjoiMSJ9",
          "dependencies": [
            "module.awsvpc.aws_vpc.name"
          ]
        },
        {
          "index_key": "ap-east-1b",
          "schema_version": 1,
          "attributes": {
            "arn": "arn:aws:ec2:ap-east-1:699663064964:subnet/subnet-0edaa0759159315e7",
            "assign_ipv6_address_on_creation": false,
            "availability_zone": "ap-east-1b",
            "availability_zone_id": "ape1-az2",
            "cidr_block": "10.0.2.0/24",
            "customer_owned_ipv4_pool": "",
            "enable_dns64": false,
            "enable_resource_name_dns_a_record_on_launch": false,
            "enable_resource_name_dns_aaaa_record_on_launch": false,
            "id": "subnet-0edaa0759159315e7",
            "ipv6_cidr_block": "",
            "ipv6_cidr_block_association_id": "",
            "ipv6_native": false,
            "map_customer_owned_ip_on_launch": false,
            "map_public_ip_on_launch": true,
            "outpost_arn": "",
            "owner_id": "699663064964",
            "private_dns_hostname_type_on_launch": "ip-name",
            "tags": {
              "Name": "public-subnet-ap-east-1b"
            },
            "tags_all": {
              "Name": "public-subnet-ap-east-1b"
            },
            "timeouts": null,
            "vpc_id": "vpc-0fd770c4d8e858c91"
          },
          "sensitive_attributes": [],
          "private": "eyJlMmJmYjczMC1lY2FhLTExZTYtOGY4OC0zNDM2M2JjN2M0YzAiOnsiY3JlYXRlIjo2MDAwMDAwMDAwMDAsImRlbGV0ZSI6MTIwMDAwMDAwMDAwMH0sInNjaGVtYV92ZXJzaW9uIjoiMSJ9",
          "dependencies": [
            "module.awsvpc.aws_vpc.name"
          ]
        }
      ]
    },
    {
      "module": "module.awsvpc",
      "mode": "managed",
      "type": "aws_vpc",
      "name": "name",
      "provider": "provider[\"registry.terraform.io/hashicorp/aws\"]",
      "instances": [
        {
          "schema_version": 1,
          "attributes": {
            "arn": "arn:aws:ec2:ap-east-1:699663064964:vpc/vpc-0fd770c4d8e858c91",
            "assign_generated_ipv6_cidr_block": false,
            "cidr_block": "10.0.0.0/16",
            "default_network_acl_id": "acl-0ac50512ef271276b",
            "default_route_table_id": "rtb-050c62101c6aeeda0",
            "default_security_group_id": "sg-0ea8fd93fec03f9e6",
            "dhcp_options_id": "dopt-37a8465e",
            "enable_classiclink": false,
            "enable_classiclink_dns_support": false,
            "enable_dns_hostnames": true,
            "enable_dns_support": true,
            "id": "vpc-0fd770c4d8e858c91",
            "instance_tenancy": "default",
            "ipv4_ipam_pool_id": null,
            "ipv4_netmask_length": null,
            "ipv6_association_id": "",
            "ipv6_cidr_block": "",
            "ipv6_cidr_block_network_border_group": "",
            "ipv6_ipam_pool_id": "",
            "ipv6_netmask_length": 0,
            "main_route_table_id": "rtb-050c62101c6aeeda0",
            "owner_id": "699663064964",
            "tags": {
              "Name": "dev-net"
            },
            "tags_all": {
              "Name": "dev-net"
            }
          },
          "sensitive_attributes": [],
          "private": "eyJzY2hlbWFfdmVyc2lvbiI6IjEifQ=="
        }
      ]
    },
    {
      "module": "module.key",
      "mode": "managed",
      "type": "aws_key_pair",
      "name": "public_key",
      "provider": "provider[\"registry.terraform.io/hashicorp/aws\"]",
      "instances": [
        {
          "schema_version": 1,
          "attributes": {
            "arn": "arn:aws:ec2:ap-east-1:699663064964:key-pair/test-key.pem",
            "fingerprint": "5b:a9:24:e1:a0:5d:19:e8:97:b3:db:aa:89:23:96:9f",
            "id": "test-key.pem",
            "key_name": "test-key.pem",
            "key_name_prefix": "",
            "key_pair_id": "key-06d92180431173e9a",
            "public_key": "ssh-rsa AAAAB3NzaC1yc2EAAAADAQABAAABAQCz89Qy65Qp0l/HpnjIrXqgQ5GVjZSYeIwCnk976ZeHeVeqkAc7tDgDLSbrxbsL07MCNXuOJKN/xMJjnOl9XyRGullE8/Zescr4/y8j3xsA26H1CssZ1UG1XKTLCxwhpM4jJ1sHuoHk3Od7dMnJ0Ebh263JZ5075HorWPBM7F+vNy6stDwzBo+0PA29/Rzns5QysemlXIMJC5ohtO/FrhWv7hDFL2X6DAKd0CfD4YYsGJ1vTB5gjFHdzlBAqeA1dDrkAX5muaJO6A3Hs71yyFsc4iW6fevbTOyfkKCJ+fS/gAm8nrwkqP4DISbqjsvJFtYMB7ZJkrBfe7r1JM8ZTalT",
            "tags": null,
            "tags_all": {}
          },
          "sensitive_attributes": [],
          "private": "eyJzY2hlbWFfdmVyc2lvbiI6IjEifQ==",
          "dependencies": [
            "module.key.tls_private_key.key"
          ]
        }
      ]
    },
    {
      "module": "module.key",
      "mode": "managed",
      "type": "local_file",
      "name": "priavte_key",
      "provider": "provider[\"registry.terraform.io/hashicorp/local\"]",
      "instances": [
        {
          "schema_version": 0,
          "attributes": {
            "content": "-----BEGIN RSA PRIVATE KEY-----\nMIIEogIBAAKCAQEAs/PUMuuUKdJfx6Z4yK16oEORlY2UmHiMAp5Pe+mXh3lXqpAH\nO7Q4Ay0m68W7C9OzAjV7jiSjf8TCY5zpfV8kRrpZRPP2XrHK+P8vI98bANuh9QrL\nGdVBtVykywscIaTOIydbB7qB5Nzne3TJydBG4dutyWedO+R6K1jwTOxfrzcurLQ8\nMwaPtDwNvf0c57OUMrHppVyDCQuaIbTvxa4Vr+4QxS9l+gwCndAnw+GGLBidb0we\nYIxR3c5QQKngNXQ65AF+ZrmiTugNx7O9cshbHOIlun3r20zsn5Cgifn0v4AJvJ68\nJKj+AyEm6o7LyRbWDAe2SZKwX3u69STPGU2pUwIDAQABAoIBAGtKOwBJGMN+nICK\nroTnea9H2esSyL/HT6LYBIfak++/1xboXIeqQaMTLptv/r9kbtwoSwxKp/irtUJy\n8XtAWH6a6FKGKiP3WQ7wBokaohz21i8lSkaSsWSSYeZ1L0aX3hdzhYCsIHn1g0ZG\nMXFT7o8GzSzBzCtDY9uoYU1buQjbm1yTKrrpL7S6amYg1q2+9lEvTHjGVBTYvMMm\nALvMAXYlY8VmCfiTiyOHDEwnNUHHn+YQu2JmGjuONvVGK69hKWqAhEIoX4wRUO5b\n0f0K7+7BXo7O7zTvsaYNTTZ8C0/UakDMMVGLJVqTdo2OS8d0jrzdHvfITU752gDl\nBwgrpyECgYEA5BtzLZ2KKaYFoTWAbid89ElTt6aI2hEAzSP+tyc6GELBgRxe75w2\nPQrzqnZUgI813nYcpaVg9tPc2DBy+/67Uk9CVMrq2mbzGolrYJUsaP1hfRIyWuUX\nHf/rAvMPi9DiTRNtwl4Sz/YgIu2isexo9rDpaBB2/urvcwalDNjAUVsCgYEAyfT3\nk/ZcB4P1W8U53QcrmrVnEYm3jDnABcTCeTucF034LK9J4c9W4YDDrEHnvX+o1NGV\nP7YJRQpixS4LGAOj0e108LJGnOXk2kvxzL/bx2UjaCYDELu5XGCTBtmd1dW1X/W8\n9TsIcsDhnNGVfgaOJeUfq15rDZA6TNB1ngbT0WkCgYAv0BUnZZM1QaiCbv15mWtW\npRwYLZ8X3mKFnVrhtyY1OaDn2DOKE/tGdko229DAlcQb2jQNAIo/ko8C/bzMV0ua\naCSmM1Zg6x1f3ZgVSY9ifmH13l+Rr91Vm3P+TUZf7yvQLhdem2tkDdoUmCz3EG+7\n7b8u4eyfaE1Clgz4kWJWawKBgCPdApId753OCyYu0eW0PkQM7q6onBWks7rShA5v\nTXq999JHloEpBq6o5RaT5Yk7QEn6pdxYgTDndT66vHGZQ+AloNyVbAC0un0he2D2\nuRqhlTYLegPgsjv7UmCnCGZOuxS9WL7bqtZl9iqY9UkZ9Og51fPionQYJqI5aomT\ngM3xAoGAWMef5gmcNGWhCSMyO/gccqmvW5fm7P+mbPU927f7R8X40Xfu9wiOKOSk\nuf6sXytZQjpmTFy3i4oRxRCWyFFNHxDkhtt05RiU/AkUM562M0rTyDLJRFiVCXJG\npFiEszii1WbdU5VagdOMG/Tss7/64hpPdoSsBW0GNH2dqqqMv+w=\n-----END RSA PRIVATE KEY-----\n",
            "content_base64": null,
            "directory_permission": "0777",
            "file_permission": "0777",
            "filename": "test-key.pem",
            "id": "edc2e44f7db385afeed3c232a897216cd6649a50",
            "sensitive_content": null,
            "source": null
          },
          "sensitive_attributes": [
            [
              {
                "type": "get_attr",
                "value": "content"
              }
            ]
          ],
          "private": "bnVsbA==",
          "dependencies": [
            "module.key.tls_private_key.key"
          ]
        }
      ]
    },
    {
      "module": "module.key",
      "mode": "managed",
      "type": "tls_private_key",
      "name": "key",
      "provider": "provider[\"registry.terraform.io/hashicorp/tls\"]",
      "instances": [
        {
          "schema_version": 0,
          "attributes": {
            "algorithm": "RSA",
            "ecdsa_curve": "P224",
            "id": "efcac4224cdbb56579038fadc634e65bf3133510",
            "private_key_openssh": "-----BEGIN OPENSSH PRIVATE KEY-----\nb3BlbnNzaC1rZXktdjEAAAAABG5vbmUAAAAEbm9uZQAAAAAAAAABAAABFwAAAAdz\nc2gtcnNhAAAAAwEAAQAAAQEAs/PUMuuUKdJfx6Z4yK16oEORlY2UmHiMAp5Pe+mX\nh3lXqpAHO7Q4Ay0m68W7C9OzAjV7jiSjf8TCY5zpfV8kRrpZRPP2XrHK+P8vI98b\nANuh9QrLGdVBtVykywscIaTOIydbB7qB5Nzne3TJydBG4dutyWedO+R6K1jwTOxf\nrzcurLQ8MwaPtDwNvf0c57OUMrHppVyDCQuaIbTvxa4Vr+4QxS9l+gwCndAnw+GG\nLBidb0weYIxR3c5QQKngNXQ65AF+ZrmiTugNx7O9cshbHOIlun3r20zsn5Cgifn0\nv4AJvJ68JKj+AyEm6o7LyRbWDAe2SZKwX3u69STPGU2pUwAAA7ioSGj8qEho/AAA\nAAdzc2gtcnNhAAABAQCz89Qy65Qp0l/HpnjIrXqgQ5GVjZSYeIwCnk976ZeHeVeq\nkAc7tDgDLSbrxbsL07MCNXuOJKN/xMJjnOl9XyRGullE8/Zescr4/y8j3xsA26H1\nCssZ1UG1XKTLCxwhpM4jJ1sHuoHk3Od7dMnJ0Ebh263JZ5075HorWPBM7F+vNy6s\ntDwzBo+0PA29/Rzns5QysemlXIMJC5ohtO/FrhWv7hDFL2X6DAKd0CfD4YYsGJ1v\nTB5gjFHdzlBAqeA1dDrkAX5muaJO6A3Hs71yyFsc4iW6fevbTOyfkKCJ+fS/gAm8\nnrwkqP4DISbqjsvJFtYMB7ZJkrBfe7r1JM8ZTalTAAAAAwEAAQAAAQBrSjsASRjD\nfpyAiq6E53mvR9nrEsi/x0+i2ASH2pPvv9cW6FyHqkGjEy6bb/6/ZG7cKEsMSqf4\nq7VCcvF7QFh+muhShioj91kO8AaJGqIc9tYvJUpGkrFkkmHmdS9Gl94Xc4WArCB5\n9YNGRjFxU+6PBs0swcwrQ2PbqGFNW7kI25tckyq66S+0umpmINatvvZRL0x4xlQU\n2LzDJgC7zAF2JWPFZgn4k4sjhwxMJzVBx5/mELtiZho7jjb1RiuvYSlqgIRCKF+M\nEVDuW9H9Cu/uwV6Ozu8077GmDU02fAtP1GpAzDFRiyVak3aNjkvHdI683R73yE1O\n+doA5QcIK6chAAAAgFjHn+YJnDRloQkjMjv4HHKpr1uX5uz/pmz1Pdu3+0fF+NF3\n7vcIjijkpLn+rF8rWUI6Zkxct4uKEcUQlshRTR8Q5IbbdOUYlPwJFDOetjNK08gy\nyURYlQlyRqRYhLM4otVm3VOVWoHTjBv07LO/+uIaT3aErAVtBjR9naqqjL/sAAAA\ngQDkG3MtnYoppgWhNYBuJ3z0SVO3pojaEQDNI/63JzoYQsGBHF7vnDY9CvOqdlSA\njzXedhylpWD209zYMHL7/rtST0JUyuraZvMaiWtglSxo/WF9EjJa5Rcd/+sC8w+L\n0OJNE23CXhLP9iAi7aKx7Gj2sOloEHb+6u9zBqUM2MBRWwAAAIEAyfT3k/ZcB4P1\nW8U53QcrmrVnEYm3jDnABcTCeTucF034LK9J4c9W4YDDrEHnvX+o1NGVP7YJRQpi\nxS4LGAOj0e108LJGnOXk2kvxzL/bx2UjaCYDELu5XGCTBtmd1dW1X/W89TsIcsDh\nnNGVfgaOJeUfq15rDZA6TNB1ngbT0WkAAAAAAQID\n-----END OPENSSH PRIVATE KEY-----\n",
            "private_key_pem": "-----BEGIN RSA PRIVATE KEY-----\nMIIEogIBAAKCAQEAs/PUMuuUKdJfx6Z4yK16oEORlY2UmHiMAp5Pe+mXh3lXqpAH\nO7Q4Ay0m68W7C9OzAjV7jiSjf8TCY5zpfV8kRrpZRPP2XrHK+P8vI98bANuh9QrL\nGdVBtVykywscIaTOIydbB7qB5Nzne3TJydBG4dutyWedO+R6K1jwTOxfrzcurLQ8\nMwaPtDwNvf0c57OUMrHppVyDCQuaIbTvxa4Vr+4QxS9l+gwCndAnw+GGLBidb0we\nYIxR3c5QQKngNXQ65AF+ZrmiTugNx7O9cshbHOIlun3r20zsn5Cgifn0v4AJvJ68\nJKj+AyEm6o7LyRbWDAe2SZKwX3u69STPGU2pUwIDAQABAoIBAGtKOwBJGMN+nICK\nroTnea9H2esSyL/HT6LYBIfak++/1xboXIeqQaMTLptv/r9kbtwoSwxKp/irtUJy\n8XtAWH6a6FKGKiP3WQ7wBokaohz21i8lSkaSsWSSYeZ1L0aX3hdzhYCsIHn1g0ZG\nMXFT7o8GzSzBzCtDY9uoYU1buQjbm1yTKrrpL7S6amYg1q2+9lEvTHjGVBTYvMMm\nALvMAXYlY8VmCfiTiyOHDEwnNUHHn+YQu2JmGjuONvVGK69hKWqAhEIoX4wRUO5b\n0f0K7+7BXo7O7zTvsaYNTTZ8C0/UakDMMVGLJVqTdo2OS8d0jrzdHvfITU752gDl\nBwgrpyECgYEA5BtzLZ2KKaYFoTWAbid89ElTt6aI2hEAzSP+tyc6GELBgRxe75w2\nPQrzqnZUgI813nYcpaVg9tPc2DBy+/67Uk9CVMrq2mbzGolrYJUsaP1hfRIyWuUX\nHf/rAvMPi9DiTRNtwl4Sz/YgIu2isexo9rDpaBB2/urvcwalDNjAUVsCgYEAyfT3\nk/ZcB4P1W8U53QcrmrVnEYm3jDnABcTCeTucF034LK9J4c9W4YDDrEHnvX+o1NGV\nP7YJRQpixS4LGAOj0e108LJGnOXk2kvxzL/bx2UjaCYDELu5XGCTBtmd1dW1X/W8\n9TsIcsDhnNGVfgaOJeUfq15rDZA6TNB1ngbT0WkCgYAv0BUnZZM1QaiCbv15mWtW\npRwYLZ8X3mKFnVrhtyY1OaDn2DOKE/tGdko229DAlcQb2jQNAIo/ko8C/bzMV0ua\naCSmM1Zg6x1f3ZgVSY9ifmH13l+Rr91Vm3P+TUZf7yvQLhdem2tkDdoUmCz3EG+7\n7b8u4eyfaE1Clgz4kWJWawKBgCPdApId753OCyYu0eW0PkQM7q6onBWks7rShA5v\nTXq999JHloEpBq6o5RaT5Yk7QEn6pdxYgTDndT66vHGZQ+AloNyVbAC0un0he2D2\nuRqhlTYLegPgsjv7UmCnCGZOuxS9WL7bqtZl9iqY9UkZ9Og51fPionQYJqI5aomT\ngM3xAoGAWMef5gmcNGWhCSMyO/gccqmvW5fm7P+mbPU927f7R8X40Xfu9wiOKOSk\nuf6sXytZQjpmTFy3i4oRxRCWyFFNHxDkhtt05RiU/AkUM562M0rTyDLJRFiVCXJG\npFiEszii1WbdU5VagdOMG/Tss7/64hpPdoSsBW0GNH2dqqqMv+w=\n-----END RSA PRIVATE KEY-----\n",
            "public_key_fingerprint_md5": "bb:62:8e:a2:59:fe:19:18:11:d6:b7:38:72:cc:c2:20",
            "public_key_fingerprint_sha256": "SHA256:5ke+3yloL/2DTW33j8Epgf3bYLTzjLKKAWMbHdpBZXY",
            "public_key_openssh": "ssh-rsa AAAAB3NzaC1yc2EAAAADAQABAAABAQCz89Qy65Qp0l/HpnjIrXqgQ5GVjZSYeIwCnk976ZeHeVeqkAc7tDgDLSbrxbsL07MCNXuOJKN/xMJjnOl9XyRGullE8/Zescr4/y8j3xsA26H1CssZ1UG1XKTLCxwhpM4jJ1sHuoHk3Od7dMnJ0Ebh263JZ5075HorWPBM7F+vNy6stDwzBo+0PA29/Rzns5QysemlXIMJC5ohtO/FrhWv7hDFL2X6DAKd0CfD4YYsGJ1vTB5gjFHdzlBAqeA1dDrkAX5muaJO6A3Hs71yyFsc4iW6fevbTOyfkKCJ+fS/gAm8nrwkqP4DISbqjsvJFtYMB7ZJkrBfe7r1JM8ZTalT\n",
            "public_key_pem": "-----BEGIN PUBLIC KEY-----\nMIIBIjANBgkqhkiG9w0BAQEFAAOCAQ8AMIIBCgKCAQEAs/PUMuuUKdJfx6Z4yK16\noEORlY2UmHiMAp5Pe+mXh3lXqpAHO7Q4Ay0m68W7C9OzAjV7jiSjf8TCY5zpfV8k\nRrpZRPP2XrHK+P8vI98bANuh9QrLGdVBtVykywscIaTOIydbB7qB5Nzne3TJydBG\n4dutyWedO+R6K1jwTOxfrzcurLQ8MwaPtDwNvf0c57OUMrHppVyDCQuaIbTvxa4V\nr+4QxS9l+gwCndAnw+GGLBidb0weYIxR3c5QQKngNXQ65AF+ZrmiTugNx7O9cshb\nHOIlun3r20zsn5Cgifn0v4AJvJ68JKj+AyEm6o7LyRbWDAe2SZKwX3u69STPGU2p\nUwIDAQAB\n-----END PUBLIC KEY-----\n",
            "rsa_bits": 2048
          },
          "sensitive_attributes": [],
          "private": "bnVsbA=="
        }
      ]
    }
  ]
}
